
Microsoft Visual Studio Solution File, Format Version 12.00
# Visual Studio 15
VisualStudioVersion = 15.0.27428.2005
MinimumVisualStudioVersion = 10.0.40219.1
Project("{2150E333-8FDC-42A3-9474-1A3956D46DE8}") = "CMakePredefinedTargets", "CMakePredefinedTargets", "{B79F6CD6-DCE6-35BD-9B82-1C665A599C8A}"
EndProject
Project("{2150E333-8FDC-42A3-9474-1A3956D46DE8}") = "GLFW3", "GLFW3", "{FAFB2411-EBB9-356F-90EC-E03797CF6613}"
EndProject
Project("{2150E333-8FDC-42A3-9474-1A3956D46DE8}") = "Examples", "Examples", "{85B06361-5E10-3325-8FFC-B0AAD2753B73}"
EndProject
Project("{2150E333-8FDC-42A3-9474-1A3956D46DE8}") = "Tests", "Tests", "{C29F70D2-EA5A-34AB-9104-CDF493EE032C}"
EndProject
Project("{8BC9CEB8-8B4A-11D0-8D11-00A0C91BC942}") = "ALL_BUILD", "ALL_BUILD.vcxproj", "{E27BC908-1FA4-3703-8A9B-DF58458F32AC}"
	ProjectSection(ProjectDependencies) = postProject
		{67134584-DA1A-3E98-92A7-019858AAFEE1} = {67134584-DA1A-3E98-92A7-019858AAFEE1}
		{71972A08-A74A-38D7-8D38-7A5C64C64A4F} = {71972A08-A74A-38D7-8D38-7A5C64C64A4F}
		{55B1BF52-23A5-3B42-A472-FADA4D218FFA} = {55B1BF52-23A5-3B42-A472-FADA4D218FFA}
		{800C6652-FA4E-31A6-934F-C6BEF831A316} = {800C6652-FA4E-31A6-934F-C6BEF831A316}
		{9B6D8090-F136-36A7-B953-6A884F446B12} = {9B6D8090-F136-36A7-B953-6A884F446B12}
		{1CB981B1-6B63-3C4D-B76D-EA2FEDA2E348} = {1CB981B1-6B63-3C4D-B76D-EA2FEDA2E348}
		{203419F6-4E12-3E5E-803D-7CE55D77FDC3} = {203419F6-4E12-3E5E-803D-7CE55D77FDC3}
		{B2F60BCA-1BF2-372A-9683-808AC8622DB7} = {B2F60BCA-1BF2-372A-9683-808AC8622DB7}
		{AA7D812A-6C35-3220-9FEF-26ADAD3E6E76} = {AA7D812A-6C35-3220-9FEF-26ADAD3E6E76}
		{94B9C94B-335A-360E-8529-A0EC03A789C8} = {94B9C94B-335A-360E-8529-A0EC03A789C8}
		{A07BF034-0396-3623-A476-400B1EC415CC} = {A07BF034-0396-3623-A476-400B1EC415CC}
		{34A58438-E0B4-3718-A2BC-7F1FA519B26C} = {34A58438-E0B4-3718-A2BC-7F1FA519B26C}
		{98560604-A657-3C5F-A8FE-E95E7B093C1B} = {98560604-A657-3C5F-A8FE-E95E7B093C1B}
		{2F278186-724A-3B97-B67F-D3CF9E80ACF0} = {2F278186-724A-3B97-B67F-D3CF9E80ACF0}
		{2B1CE2F2-FF14-3B82-A029-CFB4EEBB0909} = {2B1CE2F2-FF14-3B82-A029-CFB4EEBB0909}
		{600A413B-964F-3DED-BA0D-AD6728CEDC90} = {600A413B-964F-3DED-BA0D-AD6728CEDC90}
		{2CCEFBE2-BF73-3AB8-862A-C4A96ADEF985} = {2CCEFBE2-BF73-3AB8-862A-C4A96ADEF985}
		{79BF3988-E404-36BF-B761-F47ED0559EB0} = {79BF3988-E404-36BF-B761-F47ED0559EB0}
		{FD44FE38-FBE7-30D6-88EE-052EC9D0DC3E} = {FD44FE38-FBE7-30D6-88EE-052EC9D0DC3E}
		{81BDAD26-23C6-337D-8E81-4786A91AAEEC} = {81BDAD26-23C6-337D-8E81-4786A91AAEEC}
		{FB532760-A564-3CA5-AA09-BC457ACE055D} = {FB532760-A564-3CA5-AA09-BC457ACE055D}
		{1E6E5461-D263-3D76-9C69-3865EB72DC9E} = {1E6E5461-D263-3D76-9C69-3865EB72DC9E}
		{81AF5409-177F-3B31-92FF-D2484A7C551D} = {81AF5409-177F-3B31-92FF-D2484A7C551D}
		{6831BA02-48DF-3F4F-991F-124F294B1C66} = {6831BA02-48DF-3F4F-991F-124F294B1C66}
		{499CDCBF-BF52-3FBB-AC0D-84F8F33AFEE5} = {499CDCBF-BF52-3FBB-AC0D-84F8F33AFEE5}
		{18889F0E-6762-3AD4-B444-E36639A1D742} = {18889F0E-6762-3AD4-B444-E36639A1D742}
		{A6D36997-C20D-3C3E-AEC8-3DF2C24F2E1E} = {A6D36997-C20D-3C3E-AEC8-3DF2C24F2E1E}
		{A0307478-C5E3-335E-A3BE-AB170F4FE524} = {A0307478-C5E3-335E-A3BE-AB170F4FE524}
		{2A40AE23-8B5D-3EA1-A237-7C022E072496} = {2A40AE23-8B5D-3EA1-A237-7C022E072496}
		{FD4AD868-8766-3796-A183-8968A4148078} = {FD4AD868-8766-3796-A183-8968A4148078}
		{8DE2FF0A-BB22-393D-9918-C78862FFCC5E} = {8DE2FF0A-BB22-393D-9918-C78862FFCC5E}
		{3AEE62C4-DBE5-3462-92B5-121251CD0C02} = {3AEE62C4-DBE5-3462-92B5-121251CD0C02}
		{9A9E9920-5FBE-3818-A0AB-452EA89B1095} = {9A9E9920-5FBE-3818-A0AB-452EA89B1095}
		{6F531A22-CF49-326B-BFD1-9C38000B7795} = {6F531A22-CF49-326B-BFD1-9C38000B7795}
		{92AB3734-FA9C-3ACC-A4AD-8CA9CF86257F} = {92AB3734-FA9C-3ACC-A4AD-8CA9CF86257F}
		{4541AD96-E8E3-367E-86E7-F611C4C6D12F} = {4541AD96-E8E3-367E-86E7-F611C4C6D12F}
		{83C9C2D1-6DC1-3AF4-8996-DE6350AC48F8} = {83C9C2D1-6DC1-3AF4-8996-DE6350AC48F8}
		{830B047C-C6EE-3CFF-862D-729478A08C71} = {830B047C-C6EE-3CFF-862D-729478A08C71}
	EndProjectSection
EndProject
Project("{8BC9CEB8-8B4A-11D0-8D11-00A0C91BC942}") = "ANTTWEAKBAR_116_OGLCORE_GLFW", "external\ANTTWEAKBAR_116_OGLCORE_GLFW.vcxproj", "{67134584-DA1A-3E98-92A7-019858AAFEE1}"
	ProjectSection(ProjectDependencies) = postProject
		{203419F6-4E12-3E5E-803D-7CE55D77FDC3} = {203419F6-4E12-3E5E-803D-7CE55D77FDC3}
	EndProjectSection
EndProject
Project("{8BC9CEB8-8B4A-11D0-8D11-00A0C91BC942}") = "BulletCollision", "external\bullet-2.81-rev2613\src\BulletCollision\BulletCollision.vcxproj", "{71972A08-A74A-38D7-8D38-7A5C64C64A4F}"
	ProjectSection(ProjectDependencies) = postProject
		{203419F6-4E12-3E5E-803D-7CE55D77FDC3} = {203419F6-4E12-3E5E-803D-7CE55D77FDC3}
	EndProjectSection
EndProject
Project("{8BC9CEB8-8B4A-11D0-8D11-00A0C91BC942}") = "BulletDynamics", "external\bullet-2.81-rev2613\src\BulletDynamics\BulletDynamics.vcxproj", "{55B1BF52-23A5-3B42-A472-FADA4D218FFA}"
	ProjectSection(ProjectDependencies) = postProject
		{203419F6-4E12-3E5E-803D-7CE55D77FDC3} = {203419F6-4E12-3E5E-803D-7CE55D77FDC3}
	EndProjectSection
EndProject
Project("{8BC9CEB8-8B4A-11D0-8D11-00A0C91BC942}") = "BulletSoftBody", "external\bullet-2.81-rev2613\src\BulletSoftBody\BulletSoftBody.vcxproj", "{800C6652-FA4E-31A6-934F-C6BEF831A316}"
	ProjectSection(ProjectDependencies) = postProject
		{203419F6-4E12-3E5E-803D-7CE55D77FDC3} = {203419F6-4E12-3E5E-803D-7CE55D77FDC3}
	EndProjectSection
EndProject
Project("{8BC9CEB8-8B4A-11D0-8D11-00A0C91BC942}") = "GLEW_1130", "external\GLEW_1130.vcxproj", "{9B6D8090-F136-36A7-B953-6A884F446B12}"
	ProjectSection(ProjectDependencies) = postProject
		{203419F6-4E12-3E5E-803D-7CE55D77FDC3} = {203419F6-4E12-3E5E-803D-7CE55D77FDC3}
	EndProjectSection
EndProject
Project("{8BC9CEB8-8B4A-11D0-8D11-00A0C91BC942}") = "INSTALL", "INSTALL.vcxproj", "{5F8ED731-FE8B-3CAE-A030-9E3514DF48D1}"
	ProjectSection(ProjectDependencies) = postProject
		{E27BC908-1FA4-3703-8A9B-DF58458F32AC} = {E27BC908-1FA4-3703-8A9B-DF58458F32AC}
		{203419F6-4E12-3E5E-803D-7CE55D77FDC3} = {203419F6-4E12-3E5E-803D-7CE55D77FDC3}
	EndProjectSection
EndProject
Project("{8BC9CEB8-8B4A-11D0-8D11-00A0C91BC942}") = "LinearMath", "external\bullet-2.81-rev2613\src\LinearMath\LinearMath.vcxproj", "{1CB981B1-6B63-3C4D-B76D-EA2FEDA2E348}"
	ProjectSection(ProjectDependencies) = postProject
		{203419F6-4E12-3E5E-803D-7CE55D77FDC3} = {203419F6-4E12-3E5E-803D-7CE55D77FDC3}
	EndProjectSection
EndProject
Project("{8BC9CEB8-8B4A-11D0-8D11-00A0C91BC942}") = "ZERO_CHECK", "ZERO_CHECK.vcxproj", "{203419F6-4E12-3E5E-803D-7CE55D77FDC3}"
EndProject
Project("{8BC9CEB8-8B4A-11D0-8D11-00A0C91BC942}") = "assimp", "external\assimp-3.0.1270\code\assimp.vcxproj", "{B2F60BCA-1BF2-372A-9683-808AC8622DB7}"
	ProjectSection(ProjectDependencies) = postProject
		{203419F6-4E12-3E5E-803D-7CE55D77FDC3} = {203419F6-4E12-3E5E-803D-7CE55D77FDC3}
		{830B047C-C6EE-3CFF-862D-729478A08C71} = {830B047C-C6EE-3CFF-862D-729478A08C71}
	EndProjectSection
EndProject
Project("{8BC9CEB8-8B4A-11D0-8D11-00A0C91BC942}") = "boing", "external\glfw-3.1.2\examples\boing.vcxproj", "{AA7D812A-6C35-3220-9FEF-26ADAD3E6E76}"
	ProjectSection(ProjectDependencies) = postProject
		{203419F6-4E12-3E5E-803D-7CE55D77FDC3} = {203419F6-4E12-3E5E-803D-7CE55D77FDC3}
		{600A413B-964F-3DED-BA0D-AD6728CEDC90} = {600A413B-964F-3DED-BA0D-AD6728CEDC90}
	EndProjectSection
EndProject
Project("{8BC9CEB8-8B4A-11D0-8D11-00A0C91BC942}") = "clipboard", "external\glfw-3.1.2\tests\clipboard.vcxproj", "{94B9C94B-335A-360E-8529-A0EC03A789C8}"
	ProjectSection(ProjectDependencies) = postProject
		{203419F6-4E12-3E5E-803D-7CE55D77FDC3} = {203419F6-4E12-3E5E-803D-7CE55D77FDC3}
		{600A413B-964F-3DED-BA0D-AD6728CEDC90} = {600A413B-964F-3DED-BA0D-AD6728CEDC90}
	EndProjectSection
EndProject
Project("{8BC9CEB8-8B4A-11D0-8D11-00A0C91BC942}") = "cursor", "external\glfw-3.1.2\tests\cursor.vcxproj", "{A07BF034-0396-3623-A476-400B1EC415CC}"
	ProjectSection(ProjectDependencies) = postProject
		{203419F6-4E12-3E5E-803D-7CE55D77FDC3} = {203419F6-4E12-3E5E-803D-7CE55D77FDC3}
		{600A413B-964F-3DED-BA0D-AD6728CEDC90} = {600A413B-964F-3DED-BA0D-AD6728CEDC90}
	EndProjectSection
EndProject
Project("{8BC9CEB8-8B4A-11D0-8D11-00A0C91BC942}") = "empty", "external\glfw-3.1.2\tests\empty.vcxproj", "{34A58438-E0B4-3718-A2BC-7F1FA519B26C}"
	ProjectSection(ProjectDependencies) = postProject
		{203419F6-4E12-3E5E-803D-7CE55D77FDC3} = {203419F6-4E12-3E5E-803D-7CE55D77FDC3}
		{600A413B-964F-3DED-BA0D-AD6728CEDC90} = {600A413B-964F-3DED-BA0D-AD6728CEDC90}
	EndProjectSection
EndProject
Project("{8BC9CEB8-8B4A-11D0-8D11-00A0C91BC942}") = "events", "external\glfw-3.1.2\tests\events.vcxproj", "{98560604-A657-3C5F-A8FE-E95E7B093C1B}"
	ProjectSection(ProjectDependencies) = postProject
		{203419F6-4E12-3E5E-803D-7CE55D77FDC3} = {203419F6-4E12-3E5E-803D-7CE55D77FDC3}
		{600A413B-964F-3DED-BA0D-AD6728CEDC90} = {600A413B-964F-3DED-BA0D-AD6728CEDC90}
	EndProjectSection
EndProject
Project("{8BC9CEB8-8B4A-11D0-8D11-00A0C91BC942}") = "gamma", "external\glfw-3.1.2\tests\gamma.vcxproj", "{2F278186-724A-3B97-B67F-D3CF9E80ACF0}"
	ProjectSection(ProjectDependencies) = postProject
		{203419F6-4E12-3E5E-803D-7CE55D77FDC3} = {203419F6-4E12-3E5E-803D-7CE55D77FDC3}
		{600A413B-964F-3DED-BA0D-AD6728CEDC90} = {600A413B-964F-3DED-BA0D-AD6728CEDC90}
	EndProjectSection
EndProject
Project("{8BC9CEB8-8B4A-11D0-8D11-00A0C91BC942}") = "gears", "external\glfw-3.1.2\examples\gears.vcxproj", "{2B1CE2F2-FF14-3B82-A029-CFB4EEBB0909}"
	ProjectSection(ProjectDependencies) = postProject
		{203419F6-4E12-3E5E-803D-7CE55D77FDC3} = {203419F6-4E12-3E5E-803D-7CE55D77FDC3}
		{600A413B-964F-3DED-BA0D-AD6728CEDC90} = {600A413B-964F-3DED-BA0D-AD6728CEDC90}
	EndProjectSection
EndProject
Project("{8BC9CEB8-8B4A-11D0-8D11-00A0C91BC942}") = "glfw", "external\glfw-3.1.2\src\glfw.vcxproj", "{600A413B-964F-3DED-BA0D-AD6728CEDC90}"
	ProjectSection(ProjectDependencies) = postProject
		{203419F6-4E12-3E5E-803D-7CE55D77FDC3} = {203419F6-4E12-3E5E-803D-7CE55D77FDC3}
	EndProjectSection
EndProject
Project("{8BC9CEB8-8B4A-11D0-8D11-00A0C91BC942}") = "glfwinfo", "external\glfw-3.1.2\tests\glfwinfo.vcxproj", "{2CCEFBE2-BF73-3AB8-862A-C4A96ADEF985}"
	ProjectSection(ProjectDependencies) = postProject
		{203419F6-4E12-3E5E-803D-7CE55D77FDC3} = {203419F6-4E12-3E5E-803D-7CE55D77FDC3}
		{600A413B-964F-3DED-BA0D-AD6728CEDC90} = {600A413B-964F-3DED-BA0D-AD6728CEDC90}
	EndProjectSection
EndProject
Project("{8BC9CEB8-8B4A-11D0-8D11-00A0C91BC942}") = "heightmap", "external\glfw-3.1.2\examples\heightmap.vcxproj", "{79BF3988-E404-36BF-B761-F47ED0559EB0}"
	ProjectSection(ProjectDependencies) = postProject
		{203419F6-4E12-3E5E-803D-7CE55D77FDC3} = {203419F6-4E12-3E5E-803D-7CE55D77FDC3}
		{600A413B-964F-3DED-BA0D-AD6728CEDC90} = {600A413B-964F-3DED-BA0D-AD6728CEDC90}
	EndProjectSection
EndProject
Project("{8BC9CEB8-8B4A-11D0-8D11-00A0C91BC942}") = "iconify", "external\glfw-3.1.2\tests\iconify.vcxproj", "{FD44FE38-FBE7-30D6-88EE-052EC9D0DC3E}"
	ProjectSection(ProjectDependencies) = postProject
		{203419F6-4E12-3E5E-803D-7CE55D77FDC3} = {203419F6-4E12-3E5E-803D-7CE55D77FDC3}
		{600A413B-964F-3DED-BA0D-AD6728CEDC90} = {600A413B-964F-3DED-BA0D-AD6728CEDC90}
	EndProjectSection
EndProject
Project("{8BC9CEB8-8B4A-11D0-8D11-00A0C91BC942}") = "joysticks", "external\glfw-3.1.2\tests\joysticks.vcxproj", "{81BDAD26-23C6-337D-8E81-4786A91AAEEC}"
	ProjectSection(ProjectDependencies) = postProject
		{203419F6-4E12-3E5E-803D-7CE55D77FDC3} = {203419F6-4E12-3E5E-803D-7CE55D77FDC3}
		{600A413B-964F-3DED-BA0D-AD6728CEDC90} = {600A413B-964F-3DED-BA0D-AD6728CEDC90}
	EndProjectSection
EndProject
Project("{8BC9CEB8-8B4A-11D0-8D11-00A0C91BC942}") = "misc05_picking_BulletPhysics", "misc05_picking_BulletPhysics.vcxproj", "{FB532760-A564-3CA5-AA09-BC457ACE055D}"
	ProjectSection(ProjectDependencies) = postProject
		{67134584-DA1A-3E98-92A7-019858AAFEE1} = {67134584-DA1A-3E98-92A7-019858AAFEE1}
		{71972A08-A74A-38D7-8D38-7A5C64C64A4F} = {71972A08-A74A-38D7-8D38-7A5C64C64A4F}
		{55B1BF52-23A5-3B42-A472-FADA4D218FFA} = {55B1BF52-23A5-3B42-A472-FADA4D218FFA}
		{9B6D8090-F136-36A7-B953-6A884F446B12} = {9B6D8090-F136-36A7-B953-6A884F446B12}
		{1CB981B1-6B63-3C4D-B76D-EA2FEDA2E348} = {1CB981B1-6B63-3C4D-B76D-EA2FEDA2E348}
		{203419F6-4E12-3E5E-803D-7CE55D77FDC3} = {203419F6-4E12-3E5E-803D-7CE55D77FDC3}
		{600A413B-964F-3DED-BA0D-AD6728CEDC90} = {600A413B-964F-3DED-BA0D-AD6728CEDC90}
	EndProjectSection
EndProject
Project("{8BC9CEB8-8B4A-11D0-8D11-00A0C91BC942}") = "misc05_picking_custom", "misc05_picking_custom.vcxproj", "{1E6E5461-D263-3D76-9C69-3865EB72DC9E}"
	ProjectSection(ProjectDependencies) = postProject
		{67134584-DA1A-3E98-92A7-019858AAFEE1} = {67134584-DA1A-3E98-92A7-019858AAFEE1}
		{9B6D8090-F136-36A7-B953-6A884F446B12} = {9B6D8090-F136-36A7-B953-6A884F446B12}
		{203419F6-4E12-3E5E-803D-7CE55D77FDC3} = {203419F6-4E12-3E5E-803D-7CE55D77FDC3}
		{600A413B-964F-3DED-BA0D-AD6728CEDC90} = {600A413B-964F-3DED-BA0D-AD6728CEDC90}
	EndProjectSection
EndProject
Project("{8BC9CEB8-8B4A-11D0-8D11-00A0C91BC942}") = "misc05_picking_slow_easy", "misc05_picking_slow_easy.vcxproj", "{81AF5409-177F-3B31-92FF-D2484A7C551D}"
	ProjectSection(ProjectDependencies) = postProject
		{67134584-DA1A-3E98-92A7-019858AAFEE1} = {67134584-DA1A-3E98-92A7-019858AAFEE1}
		{9B6D8090-F136-36A7-B953-6A884F446B12} = {9B6D8090-F136-36A7-B953-6A884F446B12}
		{203419F6-4E12-3E5E-803D-7CE55D77FDC3} = {203419F6-4E12-3E5E-803D-7CE55D77FDC3}
		{600A413B-964F-3DED-BA0D-AD6728CEDC90} = {600A413B-964F-3DED-BA0D-AD6728CEDC90}
	EndProjectSection
EndProject
Project("{8BC9CEB8-8B4A-11D0-8D11-00A0C91BC942}") = "monitors", "external\glfw-3.1.2\tests\monitors.vcxproj", "{6831BA02-48DF-3F4F-991F-124F294B1C66}"
	ProjectSection(ProjectDependencies) = postProject
		{203419F6-4E12-3E5E-803D-7CE55D77FDC3} = {203419F6-4E12-3E5E-803D-7CE55D77FDC3}
		{600A413B-964F-3DED-BA0D-AD6728CEDC90} = {600A413B-964F-3DED-BA0D-AD6728CEDC90}
	EndProjectSection
EndProject
Project("{8BC9CEB8-8B4A-11D0-8D11-00A0C91BC942}") = "msaa", "external\glfw-3.1.2\tests\msaa.vcxproj", "{499CDCBF-BF52-3FBB-AC0D-84F8F33AFEE5}"
	ProjectSection(ProjectDependencies) = postProject
		{203419F6-4E12-3E5E-803D-7CE55D77FDC3} = {203419F6-4E12-3E5E-803D-7CE55D77FDC3}
		{600A413B-964F-3DED-BA0D-AD6728CEDC90} = {600A413B-964F-3DED-BA0D-AD6728CEDC90}
	EndProjectSection
EndProject
Project("{8BC9CEB8-8B4A-11D0-8D11-00A0C91BC942}") = "particles", "external\glfw-3.1.2\examples\particles.vcxproj", "{18889F0E-6762-3AD4-B444-E36639A1D742}"
	ProjectSection(ProjectDependencies) = postProject
		{203419F6-4E12-3E5E-803D-7CE55D77FDC3} = {203419F6-4E12-3E5E-803D-7CE55D77FDC3}
		{600A413B-964F-3DED-BA0D-AD6728CEDC90} = {600A413B-964F-3DED-BA0D-AD6728CEDC90}
	EndProjectSection
EndProject
Project("{8BC9CEB8-8B4A-11D0-8D11-00A0C91BC942}") = "playground", "playground.vcxproj", "{A6D36997-C20D-3C3E-AEC8-3DF2C24F2E1E}"
	ProjectSection(ProjectDependencies) = postProject
		{9B6D8090-F136-36A7-B953-6A884F446B12} = {9B6D8090-F136-36A7-B953-6A884F446B12}
		{203419F6-4E12-3E5E-803D-7CE55D77FDC3} = {203419F6-4E12-3E5E-803D-7CE55D77FDC3}
		{600A413B-964F-3DED-BA0D-AD6728CEDC90} = {600A413B-964F-3DED-BA0D-AD6728CEDC90}
	EndProjectSection
EndProject
Project("{8BC9CEB8-8B4A-11D0-8D11-00A0C91BC942}") = "reopen", "external\glfw-3.1.2\tests\reopen.vcxproj", "{A0307478-C5E3-335E-A3BE-AB170F4FE524}"
	ProjectSection(ProjectDependencies) = postProject
		{203419F6-4E12-3E5E-803D-7CE55D77FDC3} = {203419F6-4E12-3E5E-803D-7CE55D77FDC3}
		{600A413B-964F-3DED-BA0D-AD6728CEDC90} = {600A413B-964F-3DED-BA0D-AD6728CEDC90}
	EndProjectSection
EndProject
Project("{8BC9CEB8-8B4A-11D0-8D11-00A0C91BC942}") = "sharing", "external\glfw-3.1.2\tests\sharing.vcxproj", "{2A40AE23-8B5D-3EA1-A237-7C022E072496}"
	ProjectSection(ProjectDependencies) = postProject
		{203419F6-4E12-3E5E-803D-7CE55D77FDC3} = {203419F6-4E12-3E5E-803D-7CE55D77FDC3}
		{600A413B-964F-3DED-BA0D-AD6728CEDC90} = {600A413B-964F-3DED-BA0D-AD6728CEDC90}
	EndProjectSection
EndProject
Project("{8BC9CEB8-8B4A-11D0-8D11-00A0C91BC942}") = "simple", "external\glfw-3.1.2\examples\simple.vcxproj", "{FD4AD868-8766-3796-A183-8968A4148078}"
	ProjectSection(ProjectDependencies) = postProject
		{203419F6-4E12-3E5E-803D-7CE55D77FDC3} = {203419F6-4E12-3E5E-803D-7CE55D77FDC3}
		{600A413B-964F-3DED-BA0D-AD6728CEDC90} = {600A413B-964F-3DED-BA0D-AD6728CEDC90}
	EndProjectSection
EndProject
Project("{8BC9CEB8-8B4A-11D0-8D11-00A0C91BC942}") = "splitview", "external\glfw-3.1.2\examples\splitview.vcxproj", "{8DE2FF0A-BB22-393D-9918-C78862FFCC5E}"
	ProjectSection(ProjectDependencies) = postProject
		{203419F6-4E12-3E5E-803D-7CE55D77FDC3} = {203419F6-4E12-3E5E-803D-7CE55D77FDC3}
		{600A413B-964F-3DED-BA0D-AD6728CEDC90} = {600A413B-964F-3DED-BA0D-AD6728CEDC90}
	EndProjectSection
EndProject
Project("{8BC9CEB8-8B4A-11D0-8D11-00A0C91BC942}") = "tearing", "external\glfw-3.1.2\tests\tearing.vcxproj", "{3AEE62C4-DBE5-3462-92B5-121251CD0C02}"
	ProjectSection(ProjectDependencies) = postProject
		{203419F6-4E12-3E5E-803D-7CE55D77FDC3} = {203419F6-4E12-3E5E-803D-7CE55D77FDC3}
		{600A413B-964F-3DED-BA0D-AD6728CEDC90} = {600A413B-964F-3DED-BA0D-AD6728CEDC90}
	EndProjectSection
EndProject
Project("{8BC9CEB8-8B4A-11D0-8D11-00A0C91BC942}") = "threads", "external\glfw-3.1.2\tests\threads.vcxproj", "{9A9E9920-5FBE-3818-A0AB-452EA89B1095}"
	ProjectSection(ProjectDependencies) = postProject
		{203419F6-4E12-3E5E-803D-7CE55D77FDC3} = {203419F6-4E12-3E5E-803D-7CE55D77FDC3}
		{600A413B-964F-3DED-BA0D-AD6728CEDC90} = {600A413B-964F-3DED-BA0D-AD6728CEDC90}
	EndProjectSection
EndProject
Project("{8BC9CEB8-8B4A-11D0-8D11-00A0C91BC942}") = "title", "external\glfw-3.1.2\tests\title.vcxproj", "{6F531A22-CF49-326B-BFD1-9C38000B7795}"
	ProjectSection(ProjectDependencies) = postProject
		{203419F6-4E12-3E5E-803D-7CE55D77FDC3} = {203419F6-4E12-3E5E-803D-7CE55D77FDC3}
		{600A413B-964F-3DED-BA0D-AD6728CEDC90} = {600A413B-964F-3DED-BA0D-AD6728CEDC90}
	EndProjectSection
EndProject
Project("{8BC9CEB8-8B4A-11D0-8D11-00A0C91BC942}") = "tutorial05_textured_cube", "tutorial05_textured_cube.vcxproj", "{92AB3734-FA9C-3ACC-A4AD-8CA9CF86257F}"
	ProjectSection(ProjectDependencies) = postProject
		{9B6D8090-F136-36A7-B953-6A884F446B12} = {9B6D8090-F136-36A7-B953-6A884F446B12}
		{203419F6-4E12-3E5E-803D-7CE55D77FDC3} = {203419F6-4E12-3E5E-803D-7CE55D77FDC3}
		{600A413B-964F-3DED-BA0D-AD6728CEDC90} = {600A413B-964F-3DED-BA0D-AD6728CEDC90}
	EndProjectSection
EndProject
Project("{8BC9CEB8-8B4A-11D0-8D11-00A0C91BC942}") = "uninstall", "external\glfw-3.1.2\uninstall.vcxproj", "{8A4C0D7E-9D10-3AA9-8ABD-0DD122441E7C}"
	ProjectSection(ProjectDependencies) = postProject
		{203419F6-4E12-3E5E-803D-7CE55D77FDC3} = {203419F6-4E12-3E5E-803D-7CE55D77FDC3}
	EndProjectSection
EndProject
Project("{8BC9CEB8-8B4A-11D0-8D11-00A0C91BC942}") = "wave", "external\glfw-3.1.2\examples\wave.vcxproj", "{4541AD96-E8E3-367E-86E7-F611C4C6D12F}"
	ProjectSection(ProjectDependencies) = postProject
		{203419F6-4E12-3E5E-803D-7CE55D77FDC3} = {203419F6-4E12-3E5E-803D-7CE55D77FDC3}
		{600A413B-964F-3DED-BA0D-AD6728CEDC90} = {600A413B-964F-3DED-BA0D-AD6728CEDC90}
	EndProjectSection
EndProject
Project("{8BC9CEB8-8B4A-11D0-8D11-00A0C91BC942}") = "windows", "external\glfw-3.1.2\tests\windows.vcxproj", "{83C9C2D1-6DC1-3AF4-8996-DE6350AC48F8}"
	ProjectSection(ProjectDependencies) = postProject
		{203419F6-4E12-3E5E-803D-7CE55D77FDC3} = {203419F6-4E12-3E5E-803D-7CE55D77FDC3}
		{600A413B-964F-3DED-BA0D-AD6728CEDC90} = {600A413B-964F-3DED-BA0D-AD6728CEDC90}
	EndProjectSection
EndProject
Project("{8BC9CEB8-8B4A-11D0-8D11-00A0C91BC942}") = "zlib", "external\assimp-3.0.1270\contrib\zlib\zlib.vcxproj", "{830B047C-C6EE-3CFF-862D-729478A08C71}"
	ProjectSection(ProjectDependencies) = postProject
		{203419F6-4E12-3E5E-803D-7CE55D77FDC3} = {203419F6-4E12-3E5E-803D-7CE55D77FDC3}
	EndProjectSection
EndProject
Global
	GlobalSection(SolutionConfigurationPlatforms) = preSolution
		Debug|Win32 = Debug|Win32
		Debug|x64 = Debug|x64
		Debug|x86 = Debug|x86
		MinSizeRel|Win32 = MinSizeRel|Win32
		MinSizeRel|x64 = MinSizeRel|x64
		MinSizeRel|x86 = MinSizeRel|x86
		Release|Win32 = Release|Win32
		Release|x64 = Release|x64
		Release|x86 = Release|x86
		RelWithDebInfo|Win32 = RelWithDebInfo|Win32
		RelWithDebInfo|x64 = RelWithDebInfo|x64
		RelWithDebInfo|x86 = RelWithDebInfo|x86
	EndGlobalSection
	GlobalSection(ProjectConfigurationPlatforms) = postSolution
		{E27BC908-1FA4-3703-8A9B-DF58458F32AC}.Debug|Win32.ActiveCfg = Debug|Win32
		{E27BC908-1FA4-3703-8A9B-DF58458F32AC}.Debug|Win32.Build.0 = Debug|Win32
		{E27BC908-1FA4-3703-8A9B-DF58458F32AC}.Debug|x64.ActiveCfg = Debug|Win32
		{E27BC908-1FA4-3703-8A9B-DF58458F32AC}.Debug|x86.ActiveCfg = Debug|Win32
		{E27BC908-1FA4-3703-8A9B-DF58458F32AC}.Debug|x86.Build.0 = Debug|Win32
		{E27BC908-1FA4-3703-8A9B-DF58458F32AC}.MinSizeRel|Win32.ActiveCfg = MinSizeRel|Win32
		{E27BC908-1FA4-3703-8A9B-DF58458F32AC}.MinSizeRel|Win32.Build.0 = MinSizeRel|Win32
		{E27BC908-1FA4-3703-8A9B-DF58458F32AC}.MinSizeRel|x64.ActiveCfg = MinSizeRel|Win32
		{E27BC908-1FA4-3703-8A9B-DF58458F32AC}.MinSizeRel|x86.ActiveCfg = MinSizeRel|Win32
		{E27BC908-1FA4-3703-8A9B-DF58458F32AC}.MinSizeRel|x86.Build.0 = MinSizeRel|Win32
		{E27BC908-1FA4-3703-8A9B-DF58458F32AC}.Release|Win32.ActiveCfg = Release|Win32
		{E27BC908-1FA4-3703-8A9B-DF58458F32AC}.Release|Win32.Build.0 = Release|Win32
		{E27BC908-1FA4-3703-8A9B-DF58458F32AC}.Release|x64.ActiveCfg = Release|Win32
		{E27BC908-1FA4-3703-8A9B-DF58458F32AC}.Release|x86.ActiveCfg = Release|Win32
		{E27BC908-1FA4-3703-8A9B-DF58458F32AC}.Release|x86.Build.0 = Release|Win32
		{E27BC908-1FA4-3703-8A9B-DF58458F32AC}.RelWithDebInfo|Win32.ActiveCfg = RelWithDebInfo|Win32
		{E27BC908-1FA4-3703-8A9B-DF58458F32AC}.RelWithDebInfo|Win32.Build.0 = RelWithDebInfo|Win32
		{E27BC908-1FA4-3703-8A9B-DF58458F32AC}.RelWithDebInfo|x64.ActiveCfg = RelWithDebInfo|Win32
		{E27BC908-1FA4-3703-8A9B-DF58458F32AC}.RelWithDebInfo|x86.ActiveCfg = RelWithDebInfo|Win32
		{E27BC908-1FA4-3703-8A9B-DF58458F32AC}.RelWithDebInfo|x86.Build.0 = RelWithDebInfo|Win32
		{67134584-DA1A-3E98-92A7-019858AAFEE1}.Debug|Win32.ActiveCfg = Debug|Win32
		{67134584-DA1A-3E98-92A7-019858AAFEE1}.Debug|Win32.Build.0 = Debug|Win32
		{67134584-DA1A-3E98-92A7-019858AAFEE1}.Debug|x64.ActiveCfg = Debug|Win32
		{67134584-DA1A-3E98-92A7-019858AAFEE1}.Debug|x86.ActiveCfg = Debug|Win32
		{67134584-DA1A-3E98-92A7-019858AAFEE1}.Debug|x86.Build.0 = Debug|Win32
		{67134584-DA1A-3E98-92A7-019858AAFEE1}.MinSizeRel|Win32.ActiveCfg = MinSizeRel|Win32
		{67134584-DA1A-3E98-92A7-019858AAFEE1}.MinSizeRel|Win32.Build.0 = MinSizeRel|Win32
		{67134584-DA1A-3E98-92A7-019858AAFEE1}.MinSizeRel|x64.ActiveCfg = MinSizeRel|Win32
		{67134584-DA1A-3E98-92A7-019858AAFEE1}.MinSizeRel|x86.ActiveCfg = MinSizeRel|Win32
		{67134584-DA1A-3E98-92A7-019858AAFEE1}.MinSizeRel|x86.Build.0 = MinSizeRel|Win32
		{67134584-DA1A-3E98-92A7-019858AAFEE1}.Release|Win32.ActiveCfg = Release|Win32
		{67134584-DA1A-3E98-92A7-019858AAFEE1}.Release|Win32.Build.0 = Release|Win32
		{67134584-DA1A-3E98-92A7-019858AAFEE1}.Release|x64.ActiveCfg = Release|Win32
		{67134584-DA1A-3E98-92A7-019858AAFEE1}.Release|x86.ActiveCfg = Release|Win32
		{67134584-DA1A-3E98-92A7-019858AAFEE1}.Release|x86.Build.0 = Release|Win32
		{67134584-DA1A-3E98-92A7-019858AAFEE1}.RelWithDebInfo|Win32.ActiveCfg = RelWithDebInfo|Win32
		{67134584-DA1A-3E98-92A7-019858AAFEE1}.RelWithDebInfo|Win32.Build.0 = RelWithDebInfo|Win32
		{67134584-DA1A-3E98-92A7-019858AAFEE1}.RelWithDebInfo|x64.ActiveCfg = RelWithDebInfo|Win32
		{67134584-DA1A-3E98-92A7-019858AAFEE1}.RelWithDebInfo|x86.ActiveCfg = RelWithDebInfo|Win32
		{67134584-DA1A-3E98-92A7-019858AAFEE1}.RelWithDebInfo|x86.Build.0 = RelWithDebInfo|Win32
		{71972A08-A74A-38D7-8D38-7A5C64C64A4F}.Debug|Win32.ActiveCfg = Debug|Win32
		{71972A08-A74A-38D7-8D38-7A5C64C64A4F}.Debug|Win32.Build.0 = Debug|Win32
		{71972A08-A74A-38D7-8D38-7A5C64C64A4F}.Debug|x64.ActiveCfg = Debug|Win32
		{71972A08-A74A-38D7-8D38-7A5C64C64A4F}.Debug|x86.ActiveCfg = Debug|Win32
		{71972A08-A74A-38D7-8D38-7A5C64C64A4F}.Debug|x86.Build.0 = Debug|Win32
		{71972A08-A74A-38D7-8D38-7A5C64C64A4F}.MinSizeRel|Win32.ActiveCfg = MinSizeRel|Win32
		{71972A08-A74A-38D7-8D38-7A5C64C64A4F}.MinSizeRel|Win32.Build.0 = MinSizeRel|Win32
		{71972A08-A74A-38D7-8D38-7A5C64C64A4F}.MinSizeRel|x64.ActiveCfg = MinSizeRel|Win32
		{71972A08-A74A-38D7-8D38-7A5C64C64A4F}.MinSizeRel|x86.ActiveCfg = MinSizeRel|Win32
		{71972A08-A74A-38D7-8D38-7A5C64C64A4F}.MinSizeRel|x86.Build.0 = MinSizeRel|Win32
		{71972A08-A74A-38D7-8D38-7A5C64C64A4F}.Release|Win32.ActiveCfg = Release|Win32
		{71972A08-A74A-38D7-8D38-7A5C64C64A4F}.Release|Win32.Build.0 = Release|Win32
		{71972A08-A74A-38D7-8D38-7A5C64C64A4F}.Release|x64.ActiveCfg = Release|Win32
		{71972A08-A74A-38D7-8D38-7A5C64C64A4F}.Release|x86.ActiveCfg = Release|Win32
		{71972A08-A74A-38D7-8D38-7A5C64C64A4F}.Release|x86.Build.0 = Release|Win32
		{71972A08-A74A-38D7-8D38-7A5C64C64A4F}.RelWithDebInfo|Win32.ActiveCfg = RelWithDebInfo|Win32
		{71972A08-A74A-38D7-8D38-7A5C64C64A4F}.RelWithDebInfo|Win32.Build.0 = RelWithDebInfo|Win32
		{71972A08-A74A-38D7-8D38-7A5C64C64A4F}.RelWithDebInfo|x64.ActiveCfg = RelWithDebInfo|Win32
		{71972A08-A74A-38D7-8D38-7A5C64C64A4F}.RelWithDebInfo|x86.ActiveCfg = RelWithDebInfo|Win32
		{71972A08-A74A-38D7-8D38-7A5C64C64A4F}.RelWithDebInfo|x86.Build.0 = RelWithDebInfo|Win32
		{55B1BF52-23A5-3B42-A472-FADA4D218FFA}.Debug|Win32.ActiveCfg = Debug|Win32
		{55B1BF52-23A5-3B42-A472-FADA4D218FFA}.Debug|Win32.Build.0 = Debug|Win32
		{55B1BF52-23A5-3B42-A472-FADA4D218FFA}.Debug|x64.ActiveCfg = Debug|Win32
		{55B1BF52-23A5-3B42-A472-FADA4D218FFA}.Debug|x86.ActiveCfg = Debug|Win32
		{55B1BF52-23A5-3B42-A472-FADA4D218FFA}.Debug|x86.Build.0 = Debug|Win32
		{55B1BF52-23A5-3B42-A472-FADA4D218FFA}.MinSizeRel|Win32.ActiveCfg = MinSizeRel|Win32
		{55B1BF52-23A5-3B42-A472-FADA4D218FFA}.MinSizeRel|Win32.Build.0 = MinSizeRel|Win32
		{55B1BF52-23A5-3B42-A472-FADA4D218FFA}.MinSizeRel|x64.ActiveCfg = MinSizeRel|Win32
		{55B1BF52-23A5-3B42-A472-FADA4D218FFA}.MinSizeRel|x86.ActiveCfg = MinSizeRel|Win32
		{55B1BF52-23A5-3B42-A472-FADA4D218FFA}.MinSizeRel|x86.Build.0 = MinSizeRel|Win32
		{55B1BF52-23A5-3B42-A472-FADA4D218FFA}.Release|Win32.ActiveCfg = Release|Win32
		{55B1BF52-23A5-3B42-A472-FADA4D218FFA}.Release|Win32.Build.0 = Release|Win32
		{55B1BF52-23A5-3B42-A472-FADA4D218FFA}.Release|x64.ActiveCfg = Release|Win32
		{55B1BF52-23A5-3B42-A472-FADA4D218FFA}.Release|x86.ActiveCfg = Release|Win32
		{55B1BF52-23A5-3B42-A472-FADA4D218FFA}.Release|x86.Build.0 = Release|Win32
		{55B1BF52-23A5-3B42-A472-FADA4D218FFA}.RelWithDebInfo|Win32.ActiveCfg = RelWithDebInfo|Win32
		{55B1BF52-23A5-3B42-A472-FADA4D218FFA}.RelWithDebInfo|Win32.Build.0 = RelWithDebInfo|Win32
		{55B1BF52-23A5-3B42-A472-FADA4D218FFA}.RelWithDebInfo|x64.ActiveCfg = RelWithDebInfo|Win32
		{55B1BF52-23A5-3B42-A472-FADA4D218FFA}.RelWithDebInfo|x86.ActiveCfg = RelWithDebInfo|Win32
		{55B1BF52-23A5-3B42-A472-FADA4D218FFA}.RelWithDebInfo|x86.Build.0 = RelWithDebInfo|Win32
		{800C6652-FA4E-31A6-934F-C6BEF831A316}.Debug|Win32.ActiveCfg = Debug|Win32
		{800C6652-FA4E-31A6-934F-C6BEF831A316}.Debug|Win32.Build.0 = Debug|Win32
		{800C6652-FA4E-31A6-934F-C6BEF831A316}.Debug|x64.ActiveCfg = Debug|Win32
		{800C6652-FA4E-31A6-934F-C6BEF831A316}.Debug|x86.ActiveCfg = Debug|Win32
		{800C6652-FA4E-31A6-934F-C6BEF831A316}.Debug|x86.Build.0 = Debug|Win32
		{800C6652-FA4E-31A6-934F-C6BEF831A316}.MinSizeRel|Win32.ActiveCfg = MinSizeRel|Win32
		{800C6652-FA4E-31A6-934F-C6BEF831A316}.MinSizeRel|Win32.Build.0 = MinSizeRel|Win32
		{800C6652-FA4E-31A6-934F-C6BEF831A316}.MinSizeRel|x64.ActiveCfg = MinSizeRel|Win32
		{800C6652-FA4E-31A6-934F-C6BEF831A316}.MinSizeRel|x86.ActiveCfg = MinSizeRel|Win32
		{800C6652-FA4E-31A6-934F-C6BEF831A316}.MinSizeRel|x86.Build.0 = MinSizeRel|Win32
		{800C6652-FA4E-31A6-934F-C6BEF831A316}.Release|Win32.ActiveCfg = Release|Win32
		{800C6652-FA4E-31A6-934F-C6BEF831A316}.Release|Win32.Build.0 = Release|Win32
		{800C6652-FA4E-31A6-934F-C6BEF831A316}.Release|x64.ActiveCfg = Release|Win32
		{800C6652-FA4E-31A6-934F-C6BEF831A316}.Release|x86.ActiveCfg = Release|Win32
		{800C6652-FA4E-31A6-934F-C6BEF831A316}.Release|x86.Build.0 = Release|Win32
		{800C6652-FA4E-31A6-934F-C6BEF831A316}.RelWithDebInfo|Win32.ActiveCfg = RelWithDebInfo|Win32
		{800C6652-FA4E-31A6-934F-C6BEF831A316}.RelWithDebInfo|Win32.Build.0 = RelWithDebInfo|Win32
		{800C6652-FA4E-31A6-934F-C6BEF831A316}.RelWithDebInfo|x64.ActiveCfg = RelWithDebInfo|Win32
		{800C6652-FA4E-31A6-934F-C6BEF831A316}.RelWithDebInfo|x86.ActiveCfg = RelWithDebInfo|Win32
		{800C6652-FA4E-31A6-934F-C6BEF831A316}.RelWithDebInfo|x86.Build.0 = RelWithDebInfo|Win32
		{9B6D8090-F136-36A7-B953-6A884F446B12}.Debug|Win32.ActiveCfg = Debug|Win32
		{9B6D8090-F136-36A7-B953-6A884F446B12}.Debug|Win32.Build.0 = Debug|Win32
		{9B6D8090-F136-36A7-B953-6A884F446B12}.Debug|x64.ActiveCfg = Debug|Win32
		{9B6D8090-F136-36A7-B953-6A884F446B12}.Debug|x86.ActiveCfg = Debug|Win32
		{9B6D8090-F136-36A7-B953-6A884F446B12}.Debug|x86.Build.0 = Debug|Win32
		{9B6D8090-F136-36A7-B953-6A884F446B12}.MinSizeRel|Win32.ActiveCfg = MinSizeRel|Win32
		{9B6D8090-F136-36A7-B953-6A884F446B12}.MinSizeRel|Win32.Build.0 = MinSizeRel|Win32
		{9B6D8090-F136-36A7-B953-6A884F446B12}.MinSizeRel|x64.ActiveCfg = MinSizeRel|Win32
		{9B6D8090-F136-36A7-B953-6A884F446B12}.MinSizeRel|x86.ActiveCfg = MinSizeRel|Win32
		{9B6D8090-F136-36A7-B953-6A884F446B12}.MinSizeRel|x86.Build.0 = MinSizeRel|Win32
		{9B6D8090-F136-36A7-B953-6A884F446B12}.Release|Win32.ActiveCfg = Release|Win32
		{9B6D8090-F136-36A7-B953-6A884F446B12}.Release|Win32.Build.0 = Release|Win32
		{9B6D8090-F136-36A7-B953-6A884F446B12}.Release|x64.ActiveCfg = Release|Win32
		{9B6D8090-F136-36A7-B953-6A884F446B12}.Release|x86.ActiveCfg = Release|Win32
		{9B6D8090-F136-36A7-B953-6A884F446B12}.Release|x86.Build.0 = Release|Win32
		{9B6D8090-F136-36A7-B953-6A884F446B12}.RelWithDebInfo|Win32.ActiveCfg = RelWithDebInfo|Win32
		{9B6D8090-F136-36A7-B953-6A884F446B12}.RelWithDebInfo|Win32.Build.0 = RelWithDebInfo|Win32
		{9B6D8090-F136-36A7-B953-6A884F446B12}.RelWithDebInfo|x64.ActiveCfg = RelWithDebInfo|Win32
		{9B6D8090-F136-36A7-B953-6A884F446B12}.RelWithDebInfo|x86.ActiveCfg = RelWithDebInfo|Win32
		{9B6D8090-F136-36A7-B953-6A884F446B12}.RelWithDebInfo|x86.Build.0 = RelWithDebInfo|Win32
		{5F8ED731-FE8B-3CAE-A030-9E3514DF48D1}.Debug|Win32.ActiveCfg = Debug|Win32
		{5F8ED731-FE8B-3CAE-A030-9E3514DF48D1}.Debug|x64.ActiveCfg = Debug|Win32
		{5F8ED731-FE8B-3CAE-A030-9E3514DF48D1}.Debug|x86.ActiveCfg = Debug|Win32
		{5F8ED731-FE8B-3CAE-A030-9E3514DF48D1}.Debug|x86.Build.0 = Debug|Win32
		{5F8ED731-FE8B-3CAE-A030-9E3514DF48D1}.MinSizeRel|Win32.ActiveCfg = MinSizeRel|Win32
		{5F8ED731-FE8B-3CAE-A030-9E3514DF48D1}.MinSizeRel|x64.ActiveCfg = MinSizeRel|Win32
		{5F8ED731-FE8B-3CAE-A030-9E3514DF48D1}.MinSizeRel|x86.ActiveCfg = MinSizeRel|Win32
		{5F8ED731-FE8B-3CAE-A030-9E3514DF48D1}.MinSizeRel|x86.Build.0 = MinSizeRel|Win32
		{5F8ED731-FE8B-3CAE-A030-9E3514DF48D1}.Release|Win32.ActiveCfg = Release|Win32
		{5F8ED731-FE8B-3CAE-A030-9E3514DF48D1}.Release|x64.ActiveCfg = Release|Win32
		{5F8ED731-FE8B-3CAE-A030-9E3514DF48D1}.Release|x86.ActiveCfg = Release|Win32
		{5F8ED731-FE8B-3CAE-A030-9E3514DF48D1}.Release|x86.Build.0 = Release|Win32
		{5F8ED731-FE8B-3CAE-A030-9E3514DF48D1}.RelWithDebInfo|Win32.ActiveCfg = RelWithDebInfo|Win32
		{5F8ED731-FE8B-3CAE-A030-9E3514DF48D1}.RelWithDebInfo|x64.ActiveCfg = RelWithDebInfo|Win32
		{5F8ED731-FE8B-3CAE-A030-9E3514DF48D1}.RelWithDebInfo|x86.ActiveCfg = RelWithDebInfo|Win32
		{5F8ED731-FE8B-3CAE-A030-9E3514DF48D1}.RelWithDebInfo|x86.Build.0 = RelWithDebInfo|Win32
		{1CB981B1-6B63-3C4D-B76D-EA2FEDA2E348}.Debug|Win32.ActiveCfg = Debug|Win32
		{1CB981B1-6B63-3C4D-B76D-EA2FEDA2E348}.Debug|Win32.Build.0 = Debug|Win32
		{1CB981B1-6B63-3C4D-B76D-EA2FEDA2E348}.Debug|x64.ActiveCfg = Debug|Win32
		{1CB981B1-6B63-3C4D-B76D-EA2FEDA2E348}.Debug|x86.ActiveCfg = Debug|Win32
		{1CB981B1-6B63-3C4D-B76D-EA2FEDA2E348}.Debug|x86.Build.0 = Debug|Win32
		{1CB981B1-6B63-3C4D-B76D-EA2FEDA2E348}.MinSizeRel|Win32.ActiveCfg = MinSizeRel|Win32
		{1CB981B1-6B63-3C4D-B76D-EA2FEDA2E348}.MinSizeRel|Win32.Build.0 = MinSizeRel|Win32
		{1CB981B1-6B63-3C4D-B76D-EA2FEDA2E348}.MinSizeRel|x64.ActiveCfg = MinSizeRel|Win32
		{1CB981B1-6B63-3C4D-B76D-EA2FEDA2E348}.MinSizeRel|x86.ActiveCfg = MinSizeRel|Win32
		{1CB981B1-6B63-3C4D-B76D-EA2FEDA2E348}.MinSizeRel|x86.Build.0 = MinSizeRel|Win32
		{1CB981B1-6B63-3C4D-B76D-EA2FEDA2E348}.Release|Win32.ActiveCfg = Release|Win32
		{1CB981B1-6B63-3C4D-B76D-EA2FEDA2E348}.Release|Win32.Build.0 = Release|Win32
		{1CB981B1-6B63-3C4D-B76D-EA2FEDA2E348}.Release|x64.ActiveCfg = Release|Win32
		{1CB981B1-6B63-3C4D-B76D-EA2FEDA2E348}.Release|x86.ActiveCfg = Release|Win32
		{1CB981B1-6B63-3C4D-B76D-EA2FEDA2E348}.Release|x86.Build.0 = Release|Win32
		{1CB981B1-6B63-3C4D-B76D-EA2FEDA2E348}.RelWithDebInfo|Win32.ActiveCfg = RelWithDebInfo|Win32
		{1CB981B1-6B63-3C4D-B76D-EA2FEDA2E348}.RelWithDebInfo|Win32.Build.0 = RelWithDebInfo|Win32
		{1CB981B1-6B63-3C4D-B76D-EA2FEDA2E348}.RelWithDebInfo|x64.ActiveCfg = RelWithDebInfo|Win32
		{1CB981B1-6B63-3C4D-B76D-EA2FEDA2E348}.RelWithDebInfo|x86.ActiveCfg = RelWithDebInfo|Win32
		{1CB981B1-6B63-3C4D-B76D-EA2FEDA2E348}.RelWithDebInfo|x86.Build.0 = RelWithDebInfo|Win32
		{203419F6-4E12-3E5E-803D-7CE55D77FDC3}.Debug|Win32.ActiveCfg = Debug|Win32
		{203419F6-4E12-3E5E-803D-7CE55D77FDC3}.Debug|Win32.Build.0 = Debug|Win32
		{203419F6-4E12-3E5E-803D-7CE55D77FDC3}.Debug|x64.ActiveCfg = Debug|Win32
		{203419F6-4E12-3E5E-803D-7CE55D77FDC3}.Debug|x86.ActiveCfg = Debug|Win32
		{203419F6-4E12-3E5E-803D-7CE55D77FDC3}.Debug|x86.Build.0 = Debug|Win32
		{203419F6-4E12-3E5E-803D-7CE55D77FDC3}.MinSizeRel|Win32.ActiveCfg = MinSizeRel|Win32
		{203419F6-4E12-3E5E-803D-7CE55D77FDC3}.MinSizeRel|Win32.Build.0 = MinSizeRel|Win32
		{203419F6-4E12-3E5E-803D-7CE55D77FDC3}.MinSizeRel|x64.ActiveCfg = MinSizeRel|Win32
		{203419F6-4E12-3E5E-803D-7CE55D77FDC3}.MinSizeRel|x86.ActiveCfg = MinSizeRel|Win32
		{203419F6-4E12-3E5E-803D-7CE55D77FDC3}.MinSizeRel|x86.Build.0 = MinSizeRel|Win32
		{203419F6-4E12-3E5E-803D-7CE55D77FDC3}.Release|Win32.ActiveCfg = Release|Win32
		{203419F6-4E12-3E5E-803D-7CE55D77FDC3}.Release|Win32.Build.0 = Release|Win32
		{203419F6-4E12-3E5E-803D-7CE55D77FDC3}.Release|x64.ActiveCfg = Release|Win32
		{203419F6-4E12-3E5E-803D-7CE55D77FDC3}.Release|x86.ActiveCfg = Release|Win32
		{203419F6-4E12-3E5E-803D-7CE55D77FDC3}.Release|x86.Build.0 = Release|Win32
		{203419F6-4E12-3E5E-803D-7CE55D77FDC3}.RelWithDebInfo|Win32.ActiveCfg = RelWithDebInfo|Win32
		{203419F6-4E12-3E5E-803D-7CE55D77FDC3}.RelWithDebInfo|Win32.Build.0 = RelWithDebInfo|Win32
		{203419F6-4E12-3E5E-803D-7CE55D77FDC3}.RelWithDebInfo|x64.ActiveCfg = RelWithDebInfo|Win32
		{203419F6-4E12-3E5E-803D-7CE55D77FDC3}.RelWithDebInfo|x86.ActiveCfg = RelWithDebInfo|Win32
		{203419F6-4E12-3E5E-803D-7CE55D77FDC3}.RelWithDebInfo|x86.Build.0 = RelWithDebInfo|Win32
		{B2F60BCA-1BF2-372A-9683-808AC8622DB7}.Debug|Win32.ActiveCfg = Debug|Win32
		{B2F60BCA-1BF2-372A-9683-808AC8622DB7}.Debug|Win32.Build.0 = Debug|Win32
		{B2F60BCA-1BF2-372A-9683-808AC8622DB7}.Debug|x64.ActiveCfg = Debug|Win32
		{B2F60BCA-1BF2-372A-9683-808AC8622DB7}.Debug|x86.ActiveCfg = Debug|Win32
		{B2F60BCA-1BF2-372A-9683-808AC8622DB7}.Debug|x86.Build.0 = Debug|Win32
		{B2F60BCA-1BF2-372A-9683-808AC8622DB7}.MinSizeRel|Win32.ActiveCfg = MinSizeRel|Win32
		{B2F60BCA-1BF2-372A-9683-808AC8622DB7}.MinSizeRel|Win32.Build.0 = MinSizeRel|Win32
		{B2F60BCA-1BF2-372A-9683-808AC8622DB7}.MinSizeRel|x64.ActiveCfg = MinSizeRel|Win32
		{B2F60BCA-1BF2-372A-9683-808AC8622DB7}.MinSizeRel|x86.ActiveCfg = MinSizeRel|Win32
		{B2F60BCA-1BF2-372A-9683-808AC8622DB7}.MinSizeRel|x86.Build.0 = MinSizeRel|Win32
		{B2F60BCA-1BF2-372A-9683-808AC8622DB7}.Release|Win32.ActiveCfg = Release|Win32
		{B2F60BCA-1BF2-372A-9683-808AC8622DB7}.Release|Win32.Build.0 = Release|Win32
		{B2F60BCA-1BF2-372A-9683-808AC8622DB7}.Release|x64.ActiveCfg = Release|Win32
		{B2F60BCA-1BF2-372A-9683-808AC8622DB7}.Release|x86.ActiveCfg = Release|Win32
		{B2F60BCA-1BF2-372A-9683-808AC8622DB7}.Release|x86.Build.0 = Release|Win32
		{B2F60BCA-1BF2-372A-9683-808AC8622DB7}.RelWithDebInfo|Win32.ActiveCfg = RelWithDebInfo|Win32
		{B2F60BCA-1BF2-372A-9683-808AC8622DB7}.RelWithDebInfo|Win32.Build.0 = RelWithDebInfo|Win32
		{B2F60BCA-1BF2-372A-9683-808AC8622DB7}.RelWithDebInfo|x64.ActiveCfg = RelWithDebInfo|Win32
		{B2F60BCA-1BF2-372A-9683-808AC8622DB7}.RelWithDebInfo|x86.ActiveCfg = RelWithDebInfo|Win32
		{B2F60BCA-1BF2-372A-9683-808AC8622DB7}.RelWithDebInfo|x86.Build.0 = RelWithDebInfo|Win32
		{AA7D812A-6C35-3220-9FEF-26ADAD3E6E76}.Debug|Win32.ActiveCfg = Debug|Win32
		{AA7D812A-6C35-3220-9FEF-26ADAD3E6E76}.Debug|Win32.Build.0 = Debug|Win32
		{AA7D812A-6C35-3220-9FEF-26ADAD3E6E76}.Debug|x64.ActiveCfg = Debug|Win32
		{AA7D812A-6C35-3220-9FEF-26ADAD3E6E76}.Debug|x86.ActiveCfg = Debug|Win32
		{AA7D812A-6C35-3220-9FEF-26ADAD3E6E76}.Debug|x86.Build.0 = Debug|Win32
		{AA7D812A-6C35-3220-9FEF-26ADAD3E6E76}.MinSizeRel|Win32.ActiveCfg = MinSizeRel|Win32
		{AA7D812A-6C35-3220-9FEF-26ADAD3E6E76}.MinSizeRel|Win32.Build.0 = MinSizeRel|Win32
		{AA7D812A-6C35-3220-9FEF-26ADAD3E6E76}.MinSizeRel|x64.ActiveCfg = MinSizeRel|Win32
		{AA7D812A-6C35-3220-9FEF-26ADAD3E6E76}.MinSizeRel|x86.ActiveCfg = MinSizeRel|Win32
		{AA7D812A-6C35-3220-9FEF-26ADAD3E6E76}.MinSizeRel|x86.Build.0 = MinSizeRel|Win32
		{AA7D812A-6C35-3220-9FEF-26ADAD3E6E76}.Release|Win32.ActiveCfg = Release|Win32
		{AA7D812A-6C35-3220-9FEF-26ADAD3E6E76}.Release|Win32.Build.0 = Release|Win32
		{AA7D812A-6C35-3220-9FEF-26ADAD3E6E76}.Release|x64.ActiveCfg = Release|Win32
		{AA7D812A-6C35-3220-9FEF-26ADAD3E6E76}.Release|x86.ActiveCfg = Release|Win32
		{AA7D812A-6C35-3220-9FEF-26ADAD3E6E76}.Release|x86.Build.0 = Release|Win32
		{AA7D812A-6C35-3220-9FEF-26ADAD3E6E76}.RelWithDebInfo|Win32.ActiveCfg = RelWithDebInfo|Win32
		{AA7D812A-6C35-3220-9FEF-26ADAD3E6E76}.RelWithDebInfo|Win32.Build.0 = RelWithDebInfo|Win32
		{AA7D812A-6C35-3220-9FEF-26ADAD3E6E76}.RelWithDebInfo|x64.ActiveCfg = RelWithDebInfo|Win32
		{AA7D812A-6C35-3220-9FEF-26ADAD3E6E76}.RelWithDebInfo|x86.ActiveCfg = RelWithDebInfo|Win32
		{AA7D812A-6C35-3220-9FEF-26ADAD3E6E76}.RelWithDebInfo|x86.Build.0 = RelWithDebInfo|Win32
		{94B9C94B-335A-360E-8529-A0EC03A789C8}.Debug|Win32.ActiveCfg = Debug|Win32
		{94B9C94B-335A-360E-8529-A0EC03A789C8}.Debug|Win32.Build.0 = Debug|Win32
		{94B9C94B-335A-360E-8529-A0EC03A789C8}.Debug|x64.ActiveCfg = Debug|Win32
		{94B9C94B-335A-360E-8529-A0EC03A789C8}.Debug|x86.ActiveCfg = Debug|Win32
		{94B9C94B-335A-360E-8529-A0EC03A789C8}.Debug|x86.Build.0 = Debug|Win32
		{94B9C94B-335A-360E-8529-A0EC03A789C8}.MinSizeRel|Win32.ActiveCfg = MinSizeRel|Win32
		{94B9C94B-335A-360E-8529-A0EC03A789C8}.MinSizeRel|Win32.Build.0 = MinSizeRel|Win32
		{94B9C94B-335A-360E-8529-A0EC03A789C8}.MinSizeRel|x64.ActiveCfg = MinSizeRel|Win32
		{94B9C94B-335A-360E-8529-A0EC03A789C8}.MinSizeRel|x86.ActiveCfg = MinSizeRel|Win32
		{94B9C94B-335A-360E-8529-A0EC03A789C8}.MinSizeRel|x86.Build.0 = MinSizeRel|Win32
		{94B9C94B-335A-360E-8529-A0EC03A789C8}.Release|Win32.ActiveCfg = Release|Win32
		{94B9C94B-335A-360E-8529-A0EC03A789C8}.Release|Win32.Build.0 = Release|Win32
		{94B9C94B-335A-360E-8529-A0EC03A789C8}.Release|x64.ActiveCfg = Release|Win32
		{94B9C94B-335A-360E-8529-A0EC03A789C8}.Release|x86.ActiveCfg = Release|Win32
		{94B9C94B-335A-360E-8529-A0EC03A789C8}.Release|x86.Build.0 = Release|Win32
		{94B9C94B-335A-360E-8529-A0EC03A789C8}.RelWithDebInfo|Win32.ActiveCfg = RelWithDebInfo|Win32
		{94B9C94B-335A-360E-8529-A0EC03A789C8}.RelWithDebInfo|Win32.Build.0 = RelWithDebInfo|Win32
		{94B9C94B-335A-360E-8529-A0EC03A789C8}.RelWithDebInfo|x64.ActiveCfg = RelWithDebInfo|Win32
		{94B9C94B-335A-360E-8529-A0EC03A789C8}.RelWithDebInfo|x86.ActiveCfg = RelWithDebInfo|Win32
		{94B9C94B-335A-360E-8529-A0EC03A789C8}.RelWithDebInfo|x86.Build.0 = RelWithDebInfo|Win32
		{A07BF034-0396-3623-A476-400B1EC415CC}.Debug|Win32.ActiveCfg = Debug|Win32
		{A07BF034-0396-3623-A476-400B1EC415CC}.Debug|Win32.Build.0 = Debug|Win32
		{A07BF034-0396-3623-A476-400B1EC415CC}.Debug|x64.ActiveCfg = Debug|Win32
		{A07BF034-0396-3623-A476-400B1EC415CC}.Debug|x86.ActiveCfg = Debug|Win32
		{A07BF034-0396-3623-A476-400B1EC415CC}.Debug|x86.Build.0 = Debug|Win32
		{A07BF034-0396-3623-A476-400B1EC415CC}.MinSizeRel|Win32.ActiveCfg = MinSizeRel|Win32
		{A07BF034-0396-3623-A476-400B1EC415CC}.MinSizeRel|Win32.Build.0 = MinSizeRel|Win32
		{A07BF034-0396-3623-A476-400B1EC415CC}.MinSizeRel|x64.ActiveCfg = MinSizeRel|Win32
		{A07BF034-0396-3623-A476-400B1EC415CC}.MinSizeRel|x86.ActiveCfg = MinSizeRel|Win32
		{A07BF034-0396-3623-A476-400B1EC415CC}.MinSizeRel|x86.Build.0 = MinSizeRel|Win32
		{A07BF034-0396-3623-A476-400B1EC415CC}.Release|Win32.ActiveCfg = Release|Win32
		{A07BF034-0396-3623-A476-400B1EC415CC}.Release|Win32.Build.0 = Release|Win32
		{A07BF034-0396-3623-A476-400B1EC415CC}.Release|x64.ActiveCfg = Release|Win32
		{A07BF034-0396-3623-A476-400B1EC415CC}.Release|x86.ActiveCfg = Release|Win32
		{A07BF034-0396-3623-A476-400B1EC415CC}.Release|x86.Build.0 = Release|Win32
		{A07BF034-0396-3623-A476-400B1EC415CC}.RelWithDebInfo|Win32.ActiveCfg = RelWithDebInfo|Win32
		{A07BF034-0396-3623-A476-400B1EC415CC}.RelWithDebInfo|Win32.Build.0 = RelWithDebInfo|Win32
		{A07BF034-0396-3623-A476-400B1EC415CC}.RelWithDebInfo|x64.ActiveCfg = RelWithDebInfo|Win32
		{A07BF034-0396-3623-A476-400B1EC415CC}.RelWithDebInfo|x86.ActiveCfg = RelWithDebInfo|Win32
		{A07BF034-0396-3623-A476-400B1EC415CC}.RelWithDebInfo|x86.Build.0 = RelWithDebInfo|Win32
		{34A58438-E0B4-3718-A2BC-7F1FA519B26C}.Debug|Win32.ActiveCfg = Debug|Win32
		{34A58438-E0B4-3718-A2BC-7F1FA519B26C}.Debug|Win32.Build.0 = Debug|Win32
		{34A58438-E0B4-3718-A2BC-7F1FA519B26C}.Debug|x64.ActiveCfg = Debug|Win32
		{34A58438-E0B4-3718-A2BC-7F1FA519B26C}.Debug|x86.ActiveCfg = Debug|Win32
		{34A58438-E0B4-3718-A2BC-7F1FA519B26C}.Debug|x86.Build.0 = Debug|Win32
		{34A58438-E0B4-3718-A2BC-7F1FA519B26C}.MinSizeRel|Win32.ActiveCfg = MinSizeRel|Win32
		{34A58438-E0B4-3718-A2BC-7F1FA519B26C}.MinSizeRel|Win32.Build.0 = MinSizeRel|Win32
		{34A58438-E0B4-3718-A2BC-7F1FA519B26C}.MinSizeRel|x64.ActiveCfg = MinSizeRel|Win32
		{34A58438-E0B4-3718-A2BC-7F1FA519B26C}.MinSizeRel|x86.ActiveCfg = MinSizeRel|Win32
		{34A58438-E0B4-3718-A2BC-7F1FA519B26C}.MinSizeRel|x86.Build.0 = MinSizeRel|Win32
		{34A58438-E0B4-3718-A2BC-7F1FA519B26C}.Release|Win32.ActiveCfg = Release|Win32
		{34A58438-E0B4-3718-A2BC-7F1FA519B26C}.Release|Win32.Build.0 = Release|Win32
		{34A58438-E0B4-3718-A2BC-7F1FA519B26C}.Release|x64.ActiveCfg = Release|Win32
		{34A58438-E0B4-3718-A2BC-7F1FA519B26C}.Release|x86.ActiveCfg = Release|Win32
		{34A58438-E0B4-3718-A2BC-7F1FA519B26C}.Release|x86.Build.0 = Release|Win32
		{34A58438-E0B4-3718-A2BC-7F1FA519B26C}.RelWithDebInfo|Win32.ActiveCfg = RelWithDebInfo|Win32
		{34A58438-E0B4-3718-A2BC-7F1FA519B26C}.RelWithDebInfo|Win32.Build.0 = RelWithDebInfo|Win32
		{34A58438-E0B4-3718-A2BC-7F1FA519B26C}.RelWithDebInfo|x64.ActiveCfg = RelWithDebInfo|Win32
		{34A58438-E0B4-3718-A2BC-7F1FA519B26C}.RelWithDebInfo|x86.ActiveCfg = RelWithDebInfo|Win32
		{34A58438-E0B4-3718-A2BC-7F1FA519B26C}.RelWithDebInfo|x86.Build.0 = RelWithDebInfo|Win32
		{98560604-A657-3C5F-A8FE-E95E7B093C1B}.Debug|Win32.ActiveCfg = Debug|Win32
		{98560604-A657-3C5F-A8FE-E95E7B093C1B}.Debug|Win32.Build.0 = Debug|Win32
		{98560604-A657-3C5F-A8FE-E95E7B093C1B}.Debug|x64.ActiveCfg = Debug|Win32
		{98560604-A657-3C5F-A8FE-E95E7B093C1B}.Debug|x86.ActiveCfg = Debug|Win32
		{98560604-A657-3C5F-A8FE-E95E7B093C1B}.Debug|x86.Build.0 = Debug|Win32
		{98560604-A657-3C5F-A8FE-E95E7B093C1B}.MinSizeRel|Win32.ActiveCfg = MinSizeRel|Win32
		{98560604-A657-3C5F-A8FE-E95E7B093C1B}.MinSizeRel|Win32.Build.0 = MinSizeRel|Win32
		{98560604-A657-3C5F-A8FE-E95E7B093C1B}.MinSizeRel|x64.ActiveCfg = MinSizeRel|Win32
		{98560604-A657-3C5F-A8FE-E95E7B093C1B}.MinSizeRel|x86.ActiveCfg = MinSizeRel|Win32
		{98560604-A657-3C5F-A8FE-E95E7B093C1B}.MinSizeRel|x86.Build.0 = MinSizeRel|Win32
		{98560604-A657-3C5F-A8FE-E95E7B093C1B}.Release|Win32.ActiveCfg = Release|Win32
		{98560604-A657-3C5F-A8FE-E95E7B093C1B}.Release|Win32.Build.0 = Release|Win32
		{98560604-A657-3C5F-A8FE-E95E7B093C1B}.Release|x64.ActiveCfg = Release|Win32
		{98560604-A657-3C5F-A8FE-E95E7B093C1B}.Release|x86.ActiveCfg = Release|Win32
		{98560604-A657-3C5F-A8FE-E95E7B093C1B}.Release|x86.Build.0 = Release|Win32
		{98560604-A657-3C5F-A8FE-E95E7B093C1B}.RelWithDebInfo|Win32.ActiveCfg = RelWithDebInfo|Win32
		{98560604-A657-3C5F-A8FE-E95E7B093C1B}.RelWithDebInfo|Win32.Build.0 = RelWithDebInfo|Win32
		{98560604-A657-3C5F-A8FE-E95E7B093C1B}.RelWithDebInfo|x64.ActiveCfg = RelWithDebInfo|Win32
		{98560604-A657-3C5F-A8FE-E95E7B093C1B}.RelWithDebInfo|x86.ActiveCfg = RelWithDebInfo|Win32
		{98560604-A657-3C5F-A8FE-E95E7B093C1B}.RelWithDebInfo|x86.Build.0 = RelWithDebInfo|Win32
		{2F278186-724A-3B97-B67F-D3CF9E80ACF0}.Debug|Win32.ActiveCfg = Debug|Win32
		{2F278186-724A-3B97-B67F-D3CF9E80ACF0}.Debug|Win32.Build.0 = Debug|Win32
		{2F278186-724A-3B97-B67F-D3CF9E80ACF0}.Debug|x64.ActiveCfg = Debug|Win32
		{2F278186-724A-3B97-B67F-D3CF9E80ACF0}.Debug|x86.ActiveCfg = Debug|Win32
		{2F278186-724A-3B97-B67F-D3CF9E80ACF0}.Debug|x86.Build.0 = Debug|Win32
		{2F278186-724A-3B97-B67F-D3CF9E80ACF0}.MinSizeRel|Win32.ActiveCfg = MinSizeRel|Win32
		{2F278186-724A-3B97-B67F-D3CF9E80ACF0}.MinSizeRel|Win32.Build.0 = MinSizeRel|Win32
		{2F278186-724A-3B97-B67F-D3CF9E80ACF0}.MinSizeRel|x64.ActiveCfg = MinSizeRel|Win32
		{2F278186-724A-3B97-B67F-D3CF9E80ACF0}.MinSizeRel|x86.ActiveCfg = MinSizeRel|Win32
		{2F278186-724A-3B97-B67F-D3CF9E80ACF0}.MinSizeRel|x86.Build.0 = MinSizeRel|Win32
		{2F278186-724A-3B97-B67F-D3CF9E80ACF0}.Release|Win32.ActiveCfg = Release|Win32
		{2F278186-724A-3B97-B67F-D3CF9E80ACF0}.Release|Win32.Build.0 = Release|Win32
		{2F278186-724A-3B97-B67F-D3CF9E80ACF0}.Release|x64.ActiveCfg = Release|Win32
		{2F278186-724A-3B97-B67F-D3CF9E80ACF0}.Release|x86.ActiveCfg = Release|Win32
		{2F278186-724A-3B97-B67F-D3CF9E80ACF0}.Release|x86.Build.0 = Release|Win32
		{2F278186-724A-3B97-B67F-D3CF9E80ACF0}.RelWithDebInfo|Win32.ActiveCfg = RelWithDebInfo|Win32
		{2F278186-724A-3B97-B67F-D3CF9E80ACF0}.RelWithDebInfo|Win32.Build.0 = RelWithDebInfo|Win32
		{2F278186-724A-3B97-B67F-D3CF9E80ACF0}.RelWithDebInfo|x64.ActiveCfg = RelWithDebInfo|Win32
		{2F278186-724A-3B97-B67F-D3CF9E80ACF0}.RelWithDebInfo|x86.ActiveCfg = RelWithDebInfo|Win32
		{2F278186-724A-3B97-B67F-D3CF9E80ACF0}.RelWithDebInfo|x86.Build.0 = RelWithDebInfo|Win32
		{2B1CE2F2-FF14-3B82-A029-CFB4EEBB0909}.Debug|Win32.ActiveCfg = Debug|Win32
		{2B1CE2F2-FF14-3B82-A029-CFB4EEBB0909}.Debug|Win32.Build.0 = Debug|Win32
		{2B1CE2F2-FF14-3B82-A029-CFB4EEBB0909}.Debug|x64.ActiveCfg = Debug|Win32
		{2B1CE2F2-FF14-3B82-A029-CFB4EEBB0909}.Debug|x86.ActiveCfg = Debug|Win32
		{2B1CE2F2-FF14-3B82-A029-CFB4EEBB0909}.Debug|x86.Build.0 = Debug|Win32
		{2B1CE2F2-FF14-3B82-A029-CFB4EEBB0909}.MinSizeRel|Win32.ActiveCfg = MinSizeRel|Win32
		{2B1CE2F2-FF14-3B82-A029-CFB4EEBB0909}.MinSizeRel|Win32.Build.0 = MinSizeRel|Win32
		{2B1CE2F2-FF14-3B82-A029-CFB4EEBB0909}.MinSizeRel|x64.ActiveCfg = MinSizeRel|Win32
		{2B1CE2F2-FF14-3B82-A029-CFB4EEBB0909}.MinSizeRel|x86.ActiveCfg = MinSizeRel|Win32
		{2B1CE2F2-FF14-3B82-A029-CFB4EEBB0909}.MinSizeRel|x86.Build.0 = MinSizeRel|Win32
		{2B1CE2F2-FF14-3B82-A029-CFB4EEBB0909}.Release|Win32.ActiveCfg = Release|Win32
		{2B1CE2F2-FF14-3B82-A029-CFB4EEBB0909}.Release|Win32.Build.0 = Release|Win32
		{2B1CE2F2-FF14-3B82-A029-CFB4EEBB0909}.Release|x64.ActiveCfg = Release|Win32
		{2B1CE2F2-FF14-3B82-A029-CFB4EEBB0909}.Release|x86.ActiveCfg = Release|Win32
		{2B1CE2F2-FF14-3B82-A029-CFB4EEBB0909}.Release|x86.Build.0 = Release|Win32
		{2B1CE2F2-FF14-3B82-A029-CFB4EEBB0909}.RelWithDebInfo|Win32.ActiveCfg = RelWithDebInfo|Win32
		{2B1CE2F2-FF14-3B82-A029-CFB4EEBB0909}.RelWithDebInfo|Win32.Build.0 = RelWithDebInfo|Win32
		{2B1CE2F2-FF14-3B82-A029-CFB4EEBB0909}.RelWithDebInfo|x64.ActiveCfg = RelWithDebInfo|Win32
		{2B1CE2F2-FF14-3B82-A029-CFB4EEBB0909}.RelWithDebInfo|x86.ActiveCfg = RelWithDebInfo|Win32
		{2B1CE2F2-FF14-3B82-A029-CFB4EEBB0909}.RelWithDebInfo|x86.Build.0 = RelWithDebInfo|Win32
		{600A413B-964F-3DED-BA0D-AD6728CEDC90}.Debug|Win32.ActiveCfg = Debug|Win32
		{600A413B-964F-3DED-BA0D-AD6728CEDC90}.Debug|Win32.Build.0 = Debug|Win32
		{600A413B-964F-3DED-BA0D-AD6728CEDC90}.Debug|x64.ActiveCfg = Debug|Win32
		{600A413B-964F-3DED-BA0D-AD6728CEDC90}.Debug|x86.ActiveCfg = Debug|Win32
		{600A413B-964F-3DED-BA0D-AD6728CEDC90}.Debug|x86.Build.0 = Debug|Win32
		{600A413B-964F-3DED-BA0D-AD6728CEDC90}.MinSizeRel|Win32.ActiveCfg = MinSizeRel|Win32
		{600A413B-964F-3DED-BA0D-AD6728CEDC90}.MinSizeRel|Win32.Build.0 = MinSizeRel|Win32
		{600A413B-964F-3DED-BA0D-AD6728CEDC90}.MinSizeRel|x64.ActiveCfg = MinSizeRel|Win32
		{600A413B-964F-3DED-BA0D-AD6728CEDC90}.MinSizeRel|x86.ActiveCfg = MinSizeRel|Win32
		{600A413B-964F-3DED-BA0D-AD6728CEDC90}.MinSizeRel|x86.Build.0 = MinSizeRel|Win32
		{600A413B-964F-3DED-BA0D-AD6728CEDC90}.Release|Win32.ActiveCfg = Release|Win32
		{600A413B-964F-3DED-BA0D-AD6728CEDC90}.Release|Win32.Build.0 = Release|Win32
		{600A413B-964F-3DED-BA0D-AD6728CEDC90}.Release|x64.ActiveCfg = Release|Win32
		{600A413B-964F-3DED-BA0D-AD6728CEDC90}.Release|x86.ActiveCfg = Release|Win32
		{600A413B-964F-3DED-BA0D-AD6728CEDC90}.Release|x86.Build.0 = Release|Win32
		{600A413B-964F-3DED-BA0D-AD6728CEDC90}.RelWithDebInfo|Win32.ActiveCfg = RelWithDebInfo|Win32
		{600A413B-964F-3DED-BA0D-AD6728CEDC90}.RelWithDebInfo|Win32.Build.0 = RelWithDebInfo|Win32
		{600A413B-964F-3DED-BA0D-AD6728CEDC90}.RelWithDebInfo|x64.ActiveCfg = RelWithDebInfo|Win32
		{600A413B-964F-3DED-BA0D-AD6728CEDC90}.RelWithDebInfo|x86.ActiveCfg = RelWithDebInfo|Win32
		{600A413B-964F-3DED-BA0D-AD6728CEDC90}.RelWithDebInfo|x86.Build.0 = RelWithDebInfo|Win32
		{2CCEFBE2-BF73-3AB8-862A-C4A96ADEF985}.Debug|Win32.ActiveCfg = Debug|Win32
		{2CCEFBE2-BF73-3AB8-862A-C4A96ADEF985}.Debug|Win32.Build.0 = Debug|Win32
		{2CCEFBE2-BF73-3AB8-862A-C4A96ADEF985}.Debug|x64.ActiveCfg = Debug|Win32
		{2CCEFBE2-BF73-3AB8-862A-C4A96ADEF985}.Debug|x86.ActiveCfg = Debug|Win32
		{2CCEFBE2-BF73-3AB8-862A-C4A96ADEF985}.Debug|x86.Build.0 = Debug|Win32
		{2CCEFBE2-BF73-3AB8-862A-C4A96ADEF985}.MinSizeRel|Win32.ActiveCfg = MinSizeRel|Win32
		{2CCEFBE2-BF73-3AB8-862A-C4A96ADEF985}.MinSizeRel|Win32.Build.0 = MinSizeRel|Win32
		{2CCEFBE2-BF73-3AB8-862A-C4A96ADEF985}.MinSizeRel|x64.ActiveCfg = MinSizeRel|Win32
		{2CCEFBE2-BF73-3AB8-862A-C4A96ADEF985}.MinSizeRel|x86.ActiveCfg = MinSizeRel|Win32
		{2CCEFBE2-BF73-3AB8-862A-C4A96ADEF985}.MinSizeRel|x86.Build.0 = MinSizeRel|Win32
		{2CCEFBE2-BF73-3AB8-862A-C4A96ADEF985}.Release|Win32.ActiveCfg = Release|Win32
		{2CCEFBE2-BF73-3AB8-862A-C4A96ADEF985}.Release|Win32.Build.0 = Release|Win32
		{2CCEFBE2-BF73-3AB8-862A-C4A96ADEF985}.Release|x64.ActiveCfg = Release|Win32
		{2CCEFBE2-BF73-3AB8-862A-C4A96ADEF985}.Release|x86.ActiveCfg = Release|Win32
		{2CCEFBE2-BF73-3AB8-862A-C4A96ADEF985}.Release|x86.Build.0 = Release|Win32
		{2CCEFBE2-BF73-3AB8-862A-C4A96ADEF985}.RelWithDebInfo|Win32.ActiveCfg = RelWithDebInfo|Win32
		{2CCEFBE2-BF73-3AB8-862A-C4A96ADEF985}.RelWithDebInfo|Win32.Build.0 = RelWithDebInfo|Win32
		{2CCEFBE2-BF73-3AB8-862A-C4A96ADEF985}.RelWithDebInfo|x64.ActiveCfg = RelWithDebInfo|Win32
		{2CCEFBE2-BF73-3AB8-862A-C4A96ADEF985}.RelWithDebInfo|x86.ActiveCfg = RelWithDebInfo|Win32
		{2CCEFBE2-BF73-3AB8-862A-C4A96ADEF985}.RelWithDebInfo|x86.Build.0 = RelWithDebInfo|Win32
		{79BF3988-E404-36BF-B761-F47ED0559EB0}.Debug|Win32.ActiveCfg = Debug|Win32
		{79BF3988-E404-36BF-B761-F47ED0559EB0}.Debug|Win32.Build.0 = Debug|Win32
		{79BF3988-E404-36BF-B761-F47ED0559EB0}.Debug|x64.ActiveCfg = Debug|Win32
		{79BF3988-E404-36BF-B761-F47ED0559EB0}.Debug|x86.ActiveCfg = Debug|Win32
		{79BF3988-E404-36BF-B761-F47ED0559EB0}.Debug|x86.Build.0 = Debug|Win32
		{79BF3988-E404-36BF-B761-F47ED0559EB0}.MinSizeRel|Win32.ActiveCfg = MinSizeRel|Win32
		{79BF3988-E404-36BF-B761-F47ED0559EB0}.MinSizeRel|Win32.Build.0 = MinSizeRel|Win32
		{79BF3988-E404-36BF-B761-F47ED0559EB0}.MinSizeRel|x64.ActiveCfg = MinSizeRel|Win32
		{79BF3988-E404-36BF-B761-F47ED0559EB0}.MinSizeRel|x86.ActiveCfg = MinSizeRel|Win32
		{79BF3988-E404-36BF-B761-F47ED0559EB0}.MinSizeRel|x86.Build.0 = MinSizeRel|Win32
		{79BF3988-E404-36BF-B761-F47ED0559EB0}.Release|Win32.ActiveCfg = Release|Win32
		{79BF3988-E404-36BF-B761-F47ED0559EB0}.Release|Win32.Build.0 = Release|Win32
		{79BF3988-E404-36BF-B761-F47ED0559EB0}.Release|x64.ActiveCfg = Release|Win32
		{79BF3988-E404-36BF-B761-F47ED0559EB0}.Release|x86.ActiveCfg = Release|Win32
		{79BF3988-E404-36BF-B761-F47ED0559EB0}.Release|x86.Build.0 = Release|Win32
		{79BF3988-E404-36BF-B761-F47ED0559EB0}.RelWithDebInfo|Win32.ActiveCfg = RelWithDebInfo|Win32
		{79BF3988-E404-36BF-B761-F47ED0559EB0}.RelWithDebInfo|Win32.Build.0 = RelWithDebInfo|Win32
		{79BF3988-E404-36BF-B761-F47ED0559EB0}.RelWithDebInfo|x64.ActiveCfg = RelWithDebInfo|Win32
		{79BF3988-E404-36BF-B761-F47ED0559EB0}.RelWithDebInfo|x86.ActiveCfg = RelWithDebInfo|Win32
		{79BF3988-E404-36BF-B761-F47ED0559EB0}.RelWithDebInfo|x86.Build.0 = RelWithDebInfo|Win32
		{FD44FE38-FBE7-30D6-88EE-052EC9D0DC3E}.Debug|Win32.ActiveCfg = Debug|Win32
		{FD44FE38-FBE7-30D6-88EE-052EC9D0DC3E}.Debug|Win32.Build.0 = Debug|Win32
		{FD44FE38-FBE7-30D6-88EE-052EC9D0DC3E}.Debug|x64.ActiveCfg = Debug|Win32
		{FD44FE38-FBE7-30D6-88EE-052EC9D0DC3E}.Debug|x86.ActiveCfg = Debug|Win32
		{FD44FE38-FBE7-30D6-88EE-052EC9D0DC3E}.Debug|x86.Build.0 = Debug|Win32
		{FD44FE38-FBE7-30D6-88EE-052EC9D0DC3E}.MinSizeRel|Win32.ActiveCfg = MinSizeRel|Win32
		{FD44FE38-FBE7-30D6-88EE-052EC9D0DC3E}.MinSizeRel|Win32.Build.0 = MinSizeRel|Win32
		{FD44FE38-FBE7-30D6-88EE-052EC9D0DC3E}.MinSizeRel|x64.ActiveCfg = MinSizeRel|Win32
		{FD44FE38-FBE7-30D6-88EE-052EC9D0DC3E}.MinSizeRel|x86.ActiveCfg = MinSizeRel|Win32
		{FD44FE38-FBE7-30D6-88EE-052EC9D0DC3E}.MinSizeRel|x86.Build.0 = MinSizeRel|Win32
		{FD44FE38-FBE7-30D6-88EE-052EC9D0DC3E}.Release|Win32.ActiveCfg = Release|Win32
		{FD44FE38-FBE7-30D6-88EE-052EC9D0DC3E}.Release|Win32.Build.0 = Release|Win32
		{FD44FE38-FBE7-30D6-88EE-052EC9D0DC3E}.Release|x64.ActiveCfg = Release|Win32
		{FD44FE38-FBE7-30D6-88EE-052EC9D0DC3E}.Release|x86.ActiveCfg = Release|Win32
		{FD44FE38-FBE7-30D6-88EE-052EC9D0DC3E}.Release|x86.Build.0 = Release|Win32
		{FD44FE38-FBE7-30D6-88EE-052EC9D0DC3E}.RelWithDebInfo|Win32.ActiveCfg = RelWithDebInfo|Win32
		{FD44FE38-FBE7-30D6-88EE-052EC9D0DC3E}.RelWithDebInfo|Win32.Build.0 = RelWithDebInfo|Win32
		{FD44FE38-FBE7-30D6-88EE-052EC9D0DC3E}.RelWithDebInfo|x64.ActiveCfg = RelWithDebInfo|Win32
		{FD44FE38-FBE7-30D6-88EE-052EC9D0DC3E}.RelWithDebInfo|x86.ActiveCfg = RelWithDebInfo|Win32
		{FD44FE38-FBE7-30D6-88EE-052EC9D0DC3E}.RelWithDebInfo|x86.Build.0 = RelWithDebInfo|Win32
		{81BDAD26-23C6-337D-8E81-4786A91AAEEC}.Debug|Win32.ActiveCfg = Debug|Win32
		{81BDAD26-23C6-337D-8E81-4786A91AAEEC}.Debug|Win32.Build.0 = Debug|Win32
		{81BDAD26-23C6-337D-8E81-4786A91AAEEC}.Debug|x64.ActiveCfg = Debug|Win32
		{81BDAD26-23C6-337D-8E81-4786A91AAEEC}.Debug|x86.ActiveCfg = Debug|Win32
		{81BDAD26-23C6-337D-8E81-4786A91AAEEC}.Debug|x86.Build.0 = Debug|Win32
		{81BDAD26-23C6-337D-8E81-4786A91AAEEC}.MinSizeRel|Win32.ActiveCfg = MinSizeRel|Win32
		{81BDAD26-23C6-337D-8E81-4786A91AAEEC}.MinSizeRel|Win32.Build.0 = MinSizeRel|Win32
		{81BDAD26-23C6-337D-8E81-4786A91AAEEC}.MinSizeRel|x64.ActiveCfg = MinSizeRel|Win32
		{81BDAD26-23C6-337D-8E81-4786A91AAEEC}.MinSizeRel|x86.ActiveCfg = MinSizeRel|Win32
		{81BDAD26-23C6-337D-8E81-4786A91AAEEC}.MinSizeRel|x86.Build.0 = MinSizeRel|Win32
		{81BDAD26-23C6-337D-8E81-4786A91AAEEC}.Release|Win32.ActiveCfg = Release|Win32
		{81BDAD26-23C6-337D-8E81-4786A91AAEEC}.Release|Win32.Build.0 = Release|Win32
		{81BDAD26-23C6-337D-8E81-4786A91AAEEC}.Release|x64.ActiveCfg = Release|Win32
		{81BDAD26-23C6-337D-8E81-4786A91AAEEC}.Release|x86.ActiveCfg = Release|Win32
		{81BDAD26-23C6-337D-8E81-4786A91AAEEC}.Release|x86.Build.0 = Release|Win32
		{81BDAD26-23C6-337D-8E81-4786A91AAEEC}.RelWithDebInfo|Win32.ActiveCfg = RelWithDebInfo|Win32
		{81BDAD26-23C6-337D-8E81-4786A91AAEEC}.RelWithDebInfo|Win32.Build.0 = RelWithDebInfo|Win32
		{81BDAD26-23C6-337D-8E81-4786A91AAEEC}.RelWithDebInfo|x64.ActiveCfg = RelWithDebInfo|Win32
		{81BDAD26-23C6-337D-8E81-4786A91AAEEC}.RelWithDebInfo|x86.ActiveCfg = RelWithDebInfo|Win32
		{81BDAD26-23C6-337D-8E81-4786A91AAEEC}.RelWithDebInfo|x86.Build.0 = RelWithDebInfo|Win32
		{FB532760-A564-3CA5-AA09-BC457ACE055D}.Debug|Win32.ActiveCfg = Debug|Win32
		{FB532760-A564-3CA5-AA09-BC457ACE055D}.Debug|Win32.Build.0 = Debug|Win32
		{FB532760-A564-3CA5-AA09-BC457ACE055D}.Debug|x64.ActiveCfg = Debug|Win32
		{FB532760-A564-3CA5-AA09-BC457ACE055D}.Debug|x86.ActiveCfg = Debug|Win32
		{FB532760-A564-3CA5-AA09-BC457ACE055D}.Debug|x86.Build.0 = Debug|Win32
		{FB532760-A564-3CA5-AA09-BC457ACE055D}.MinSizeRel|Win32.ActiveCfg = MinSizeRel|Win32
		{FB532760-A564-3CA5-AA09-BC457ACE055D}.MinSizeRel|Win32.Build.0 = MinSizeRel|Win32
		{FB532760-A564-3CA5-AA09-BC457ACE055D}.MinSizeRel|x64.ActiveCfg = MinSizeRel|Win32
		{FB532760-A564-3CA5-AA09-BC457ACE055D}.MinSizeRel|x86.ActiveCfg = MinSizeRel|Win32
		{FB532760-A564-3CA5-AA09-BC457ACE055D}.MinSizeRel|x86.Build.0 = MinSizeRel|Win32
		{FB532760-A564-3CA5-AA09-BC457ACE055D}.Release|Win32.ActiveCfg = Release|Win32
		{FB532760-A564-3CA5-AA09-BC457ACE055D}.Release|Win32.Build.0 = Release|Win32
		{FB532760-A564-3CA5-AA09-BC457ACE055D}.Release|x64.ActiveCfg = Release|Win32
		{FB532760-A564-3CA5-AA09-BC457ACE055D}.Release|x86.ActiveCfg = Release|Win32
		{FB532760-A564-3CA5-AA09-BC457ACE055D}.Release|x86.Build.0 = Release|Win32
		{FB532760-A564-3CA5-AA09-BC457ACE055D}.RelWithDebInfo|Win32.ActiveCfg = RelWithDebInfo|Win32
		{FB532760-A564-3CA5-AA09-BC457ACE055D}.RelWithDebInfo|Win32.Build.0 = RelWithDebInfo|Win32
		{FB532760-A564-3CA5-AA09-BC457ACE055D}.RelWithDebInfo|x64.ActiveCfg = RelWithDebInfo|Win32
		{FB532760-A564-3CA5-AA09-BC457ACE055D}.RelWithDebInfo|x86.ActiveCfg = RelWithDebInfo|Win32
		{FB532760-A564-3CA5-AA09-BC457ACE055D}.RelWithDebInfo|x86.Build.0 = RelWithDebInfo|Win32
		{1E6E5461-D263-3D76-9C69-3865EB72DC9E}.Debug|Win32.ActiveCfg = Debug|Win32
		{1E6E5461-D263-3D76-9C69-3865EB72DC9E}.Debug|Win32.Build.0 = Debug|Win32
		{1E6E5461-D263-3D76-9C69-3865EB72DC9E}.Debug|x64.ActiveCfg = Debug|Win32
		{1E6E5461-D263-3D76-9C69-3865EB72DC9E}.Debug|x86.ActiveCfg = Debug|Win32
		{1E6E5461-D263-3D76-9C69-3865EB72DC9E}.Debug|x86.Build.0 = Debug|Win32
		{1E6E5461-D263-3D76-9C69-3865EB72DC9E}.MinSizeRel|Win32.ActiveCfg = MinSizeRel|Win32
		{1E6E5461-D263-3D76-9C69-3865EB72DC9E}.MinSizeRel|Win32.Build.0 = MinSizeRel|Win32
		{1E6E5461-D263-3D76-9C69-3865EB72DC9E}.MinSizeRel|x64.ActiveCfg = MinSizeRel|Win32
		{1E6E5461-D263-3D76-9C69-3865EB72DC9E}.MinSizeRel|x86.ActiveCfg = MinSizeRel|Win32
		{1E6E5461-D263-3D76-9C69-3865EB72DC9E}.MinSizeRel|x86.Build.0 = MinSizeRel|Win32
		{1E6E5461-D263-3D76-9C69-3865EB72DC9E}.Release|Win32.ActiveCfg = Release|Win32
		{1E6E5461-D263-3D76-9C69-3865EB72DC9E}.Release|Win32.Build.0 = Release|Win32
		{1E6E5461-D263-3D76-9C69-3865EB72DC9E}.Release|x64.ActiveCfg = Release|Win32
		{1E6E5461-D263-3D76-9C69-3865EB72DC9E}.Release|x86.ActiveCfg = Release|Win32
		{1E6E5461-D263-3D76-9C69-3865EB72DC9E}.Release|x86.Build.0 = Release|Win32
		{1E6E5461-D263-3D76-9C69-3865EB72DC9E}.RelWithDebInfo|Win32.ActiveCfg = RelWithDebInfo|Win32
		{1E6E5461-D263-3D76-9C69-3865EB72DC9E}.RelWithDebInfo|Win32.Build.0 = RelWithDebInfo|Win32
		{1E6E5461-D263-3D76-9C69-3865EB72DC9E}.RelWithDebInfo|x64.ActiveCfg = RelWithDebInfo|Win32
		{1E6E5461-D263-3D76-9C69-3865EB72DC9E}.RelWithDebInfo|x86.ActiveCfg = RelWithDebInfo|Win32
		{1E6E5461-D263-3D76-9C69-3865EB72DC9E}.RelWithDebInfo|x86.Build.0 = RelWithDebInfo|Win32
		{81AF5409-177F-3B31-92FF-D2484A7C551D}.Debug|Win32.ActiveCfg = Debug|Win32
		{81AF5409-177F-3B31-92FF-D2484A7C551D}.Debug|Win32.Build.0 = Debug|Win32
		{81AF5409-177F-3B31-92FF-D2484A7C551D}.Debug|x64.ActiveCfg = Debug|Win32
		{81AF5409-177F-3B31-92FF-D2484A7C551D}.Debug|x86.ActiveCfg = Debug|Win32
		{81AF5409-177F-3B31-92FF-D2484A7C551D}.Debug|x86.Build.0 = Debug|Win32
		{81AF5409-177F-3B31-92FF-D2484A7C551D}.MinSizeRel|Win32.ActiveCfg = MinSizeRel|Win32
		{81AF5409-177F-3B31-92FF-D2484A7C551D}.MinSizeRel|Win32.Build.0 = MinSizeRel|Win32
		{81AF5409-177F-3B31-92FF-D2484A7C551D}.MinSizeRel|x64.ActiveCfg = MinSizeRel|Win32
		{81AF5409-177F-3B31-92FF-D2484A7C551D}.MinSizeRel|x86.ActiveCfg = MinSizeRel|Win32
		{81AF5409-177F-3B31-92FF-D2484A7C551D}.MinSizeRel|x86.Build.0 = MinSizeRel|Win32
		{81AF5409-177F-3B31-92FF-D2484A7C551D}.Release|Win32.ActiveCfg = Release|Win32
		{81AF5409-177F-3B31-92FF-D2484A7C551D}.Release|Win32.Build.0 = Release|Win32
		{81AF5409-177F-3B31-92FF-D2484A7C551D}.Release|x64.ActiveCfg = Release|Win32
		{81AF5409-177F-3B31-92FF-D2484A7C551D}.Release|x86.ActiveCfg = Release|Win32
		{81AF5409-177F-3B31-92FF-D2484A7C551D}.Release|x86.Build.0 = Release|Win32
		{81AF5409-177F-3B31-92FF-D2484A7C551D}.RelWithDebInfo|Win32.ActiveCfg = RelWithDebInfo|Win32
		{81AF5409-177F-3B31-92FF-D2484A7C551D}.RelWithDebInfo|Win32.Build.0 = RelWithDebInfo|Win32
		{81AF5409-177F-3B31-92FF-D2484A7C551D}.RelWithDebInfo|x64.ActiveCfg = RelWithDebInfo|Win32
		{81AF5409-177F-3B31-92FF-D2484A7C551D}.RelWithDebInfo|x86.ActiveCfg = RelWithDebInfo|Win32
		{81AF5409-177F-3B31-92FF-D2484A7C551D}.RelWithDebInfo|x86.Build.0 = RelWithDebInfo|Win32
		{6831BA02-48DF-3F4F-991F-124F294B1C66}.Debug|Win32.ActiveCfg = Debug|Win32
		{6831BA02-48DF-3F4F-991F-124F294B1C66}.Debug|Win32.Build.0 = Debug|Win32
		{6831BA02-48DF-3F4F-991F-124F294B1C66}.Debug|x64.ActiveCfg = Debug|Win32
		{6831BA02-48DF-3F4F-991F-124F294B1C66}.Debug|x86.ActiveCfg = Debug|Win32
		{6831BA02-48DF-3F4F-991F-124F294B1C66}.Debug|x86.Build.0 = Debug|Win32
		{6831BA02-48DF-3F4F-991F-124F294B1C66}.MinSizeRel|Win32.ActiveCfg = MinSizeRel|Win32
		{6831BA02-48DF-3F4F-991F-124F294B1C66}.MinSizeRel|Win32.Build.0 = MinSizeRel|Win32
		{6831BA02-48DF-3F4F-991F-124F294B1C66}.MinSizeRel|x64.ActiveCfg = MinSizeRel|Win32
		{6831BA02-48DF-3F4F-991F-124F294B1C66}.MinSizeRel|x86.ActiveCfg = MinSizeRel|Win32
		{6831BA02-48DF-3F4F-991F-124F294B1C66}.MinSizeRel|x86.Build.0 = MinSizeRel|Win32
		{6831BA02-48DF-3F4F-991F-124F294B1C66}.Release|Win32.ActiveCfg = Release|Win32
		{6831BA02-48DF-3F4F-991F-124F294B1C66}.Release|Win32.Build.0 = Release|Win32
		{6831BA02-48DF-3F4F-991F-124F294B1C66}.Release|x64.ActiveCfg = Release|Win32
		{6831BA02-48DF-3F4F-991F-124F294B1C66}.Release|x86.ActiveCfg = Release|Win32
		{6831BA02-48DF-3F4F-991F-124F294B1C66}.Release|x86.Build.0 = Release|Win32
		{6831BA02-48DF-3F4F-991F-124F294B1C66}.RelWithDebInfo|Win32.ActiveCfg = RelWithDebInfo|Win32
		{6831BA02-48DF-3F4F-991F-124F294B1C66}.RelWithDebInfo|Win32.Build.0 = RelWithDebInfo|Win32
		{6831BA02-48DF-3F4F-991F-124F294B1C66}.RelWithDebInfo|x64.ActiveCfg = RelWithDebInfo|Win32
		{6831BA02-48DF-3F4F-991F-124F294B1C66}.RelWithDebInfo|x86.ActiveCfg = RelWithDebInfo|Win32
		{6831BA02-48DF-3F4F-991F-124F294B1C66}.RelWithDebInfo|x86.Build.0 = RelWithDebInfo|Win32
		{499CDCBF-BF52-3FBB-AC0D-84F8F33AFEE5}.Debug|Win32.ActiveCfg = Debug|Win32
		{499CDCBF-BF52-3FBB-AC0D-84F8F33AFEE5}.Debug|Win32.Build.0 = Debug|Win32
		{499CDCBF-BF52-3FBB-AC0D-84F8F33AFEE5}.Debug|x64.ActiveCfg = Debug|Win32
		{499CDCBF-BF52-3FBB-AC0D-84F8F33AFEE5}.Debug|x86.ActiveCfg = Debug|Win32
		{499CDCBF-BF52-3FBB-AC0D-84F8F33AFEE5}.Debug|x86.Build.0 = Debug|Win32
		{499CDCBF-BF52-3FBB-AC0D-84F8F33AFEE5}.MinSizeRel|Win32.ActiveCfg = MinSizeRel|Win32
		{499CDCBF-BF52-3FBB-AC0D-84F8F33AFEE5}.MinSizeRel|Win32.Build.0 = MinSizeRel|Win32
		{499CDCBF-BF52-3FBB-AC0D-84F8F33AFEE5}.MinSizeRel|x64.ActiveCfg = MinSizeRel|Win32
		{499CDCBF-BF52-3FBB-AC0D-84F8F33AFEE5}.MinSizeRel|x86.ActiveCfg = MinSizeRel|Win32
		{499CDCBF-BF52-3FBB-AC0D-84F8F33AFEE5}.MinSizeRel|x86.Build.0 = MinSizeRel|Win32
		{499CDCBF-BF52-3FBB-AC0D-84F8F33AFEE5}.Release|Win32.ActiveCfg = Release|Win32
		{499CDCBF-BF52-3FBB-AC0D-84F8F33AFEE5}.Release|Win32.Build.0 = Release|Win32
		{499CDCBF-BF52-3FBB-AC0D-84F8F33AFEE5}.Release|x64.ActiveCfg = Release|Win32
		{499CDCBF-BF52-3FBB-AC0D-84F8F33AFEE5}.Release|x86.ActiveCfg = Release|Win32
		{499CDCBF-BF52-3FBB-AC0D-84F8F33AFEE5}.Release|x86.Build.0 = Release|Win32
		{499CDCBF-BF52-3FBB-AC0D-84F8F33AFEE5}.RelWithDebInfo|Win32.ActiveCfg = RelWithDebInfo|Win32
		{499CDCBF-BF52-3FBB-AC0D-84F8F33AFEE5}.RelWithDebInfo|Win32.Build.0 = RelWithDebInfo|Win32
		{499CDCBF-BF52-3FBB-AC0D-84F8F33AFEE5}.RelWithDebInfo|x64.ActiveCfg = RelWithDebInfo|Win32
		{499CDCBF-BF52-3FBB-AC0D-84F8F33AFEE5}.RelWithDebInfo|x86.ActiveCfg = RelWithDebInfo|Win32
		{499CDCBF-BF52-3FBB-AC0D-84F8F33AFEE5}.RelWithDebInfo|x86.Build.0 = RelWithDebInfo|Win32
		{18889F0E-6762-3AD4-B444-E36639A1D742}.Debug|Win32.ActiveCfg = Debug|Win32
		{18889F0E-6762-3AD4-B444-E36639A1D742}.Debug|Win32.Build.0 = Debug|Win32
		{18889F0E-6762-3AD4-B444-E36639A1D742}.Debug|x64.ActiveCfg = Debug|Win32
		{18889F0E-6762-3AD4-B444-E36639A1D742}.Debug|x86.ActiveCfg = Debug|Win32
		{18889F0E-6762-3AD4-B444-E36639A1D742}.Debug|x86.Build.0 = Debug|Win32
		{18889F0E-6762-3AD4-B444-E36639A1D742}.MinSizeRel|Win32.ActiveCfg = MinSizeRel|Win32
		{18889F0E-6762-3AD4-B444-E36639A1D742}.MinSizeRel|Win32.Build.0 = MinSizeRel|Win32
		{18889F0E-6762-3AD4-B444-E36639A1D742}.MinSizeRel|x64.ActiveCfg = MinSizeRel|Win32
		{18889F0E-6762-3AD4-B444-E36639A1D742}.MinSizeRel|x86.ActiveCfg = MinSizeRel|Win32
		{18889F0E-6762-3AD4-B444-E36639A1D742}.MinSizeRel|x86.Build.0 = MinSizeRel|Win32
		{18889F0E-6762-3AD4-B444-E36639A1D742}.Release|Win32.ActiveCfg = Release|Win32
		{18889F0E-6762-3AD4-B444-E36639A1D742}.Release|Win32.Build.0 = Release|Win32
		{18889F0E-6762-3AD4-B444-E36639A1D742}.Release|x64.ActiveCfg = Release|Win32
		{18889F0E-6762-3AD4-B444-E36639A1D742}.Release|x86.ActiveCfg = Release|Win32
		{18889F0E-6762-3AD4-B444-E36639A1D742}.Release|x86.Build.0 = Release|Win32
		{18889F0E-6762-3AD4-B444-E36639A1D742}.RelWithDebInfo|Win32.ActiveCfg = RelWithDebInfo|Win32
		{18889F0E-6762-3AD4-B444-E36639A1D742}.RelWithDebInfo|Win32.Build.0 = RelWithDebInfo|Win32
		{18889F0E-6762-3AD4-B444-E36639A1D742}.RelWithDebInfo|x64.ActiveCfg = RelWithDebInfo|Win32
		{18889F0E-6762-3AD4-B444-E36639A1D742}.RelWithDebInfo|x86.ActiveCfg = RelWithDebInfo|Win32
		{18889F0E-6762-3AD4-B444-E36639A1D742}.RelWithDebInfo|x86.Build.0 = RelWithDebInfo|Win32
		{A6D36997-C20D-3C3E-AEC8-3DF2C24F2E1E}.Debug|Win32.ActiveCfg = Debug|Win32
		{A6D36997-C20D-3C3E-AEC8-3DF2C24F2E1E}.Debug|Win32.Build.0 = Debug|Win32
		{A6D36997-C20D-3C3E-AEC8-3DF2C24F2E1E}.Debug|x64.ActiveCfg = Debug|Win32
		{A6D36997-C20D-3C3E-AEC8-3DF2C24F2E1E}.Debug|x86.ActiveCfg = Debug|Win32
		{A6D36997-C20D-3C3E-AEC8-3DF2C24F2E1E}.Debug|x86.Build.0 = Debug|Win32
		{A6D36997-C20D-3C3E-AEC8-3DF2C24F2E1E}.MinSizeRel|Win32.ActiveCfg = MinSizeRel|Win32
		{A6D36997-C20D-3C3E-AEC8-3DF2C24F2E1E}.MinSizeRel|Win32.Build.0 = MinSizeRel|Win32
		{A6D36997-C20D-3C3E-AEC8-3DF2C24F2E1E}.MinSizeRel|x64.ActiveCfg = MinSizeRel|Win32
		{A6D36997-C20D-3C3E-AEC8-3DF2C24F2E1E}.MinSizeRel|x86.ActiveCfg = MinSizeRel|Win32
		{A6D36997-C20D-3C3E-AEC8-3DF2C24F2E1E}.MinSizeRel|x86.Build.0 = MinSizeRel|Win32
		{A6D36997-C20D-3C3E-AEC8-3DF2C24F2E1E}.Release|Win32.ActiveCfg = Release|Win32
		{A6D36997-C20D-3C3E-AEC8-3DF2C24F2E1E}.Release|Win32.Build.0 = Release|Win32
		{A6D36997-C20D-3C3E-AEC8-3DF2C24F2E1E}.Release|x64.ActiveCfg = Release|Win32
		{A6D36997-C20D-3C3E-AEC8-3DF2C24F2E1E}.Release|x86.ActiveCfg = Release|Win32
		{A6D36997-C20D-3C3E-AEC8-3DF2C24F2E1E}.Release|x86.Build.0 = Release|Win32
		{A6D36997-C20D-3C3E-AEC8-3DF2C24F2E1E}.RelWithDebInfo|Win32.ActiveCfg = RelWithDebInfo|Win32
		{A6D36997-C20D-3C3E-AEC8-3DF2C24F2E1E}.RelWithDebInfo|Win32.Build.0 = RelWithDebInfo|Win32
		{A6D36997-C20D-3C3E-AEC8-3DF2C24F2E1E}.RelWithDebInfo|x64.ActiveCfg = RelWithDebInfo|Win32
		{A6D36997-C20D-3C3E-AEC8-3DF2C24F2E1E}.RelWithDebInfo|x86.ActiveCfg = RelWithDebInfo|Win32
		{A6D36997-C20D-3C3E-AEC8-3DF2C24F2E1E}.RelWithDebInfo|x86.Build.0 = RelWithDebInfo|Win32
		{A0307478-C5E3-335E-A3BE-AB170F4FE524}.Debug|Win32.ActiveCfg = Debug|Win32
		{A0307478-C5E3-335E-A3BE-AB170F4FE524}.Debug|Win32.Build.0 = Debug|Win32
		{A0307478-C5E3-335E-A3BE-AB170F4FE524}.Debug|x64.ActiveCfg = Debug|Win32
		{A0307478-C5E3-335E-A3BE-AB170F4FE524}.Debug|x86.ActiveCfg = Debug|Win32
		{A0307478-C5E3-335E-A3BE-AB170F4FE524}.Debug|x86.Build.0 = Debug|Win32
		{A0307478-C5E3-335E-A3BE-AB170F4FE524}.MinSizeRel|Win32.ActiveCfg = MinSizeRel|Win32
		{A0307478-C5E3-335E-A3BE-AB170F4FE524}.MinSizeRel|Win32.Build.0 = MinSizeRel|Win32
		{A0307478-C5E3-335E-A3BE-AB170F4FE524}.MinSizeRel|x64.ActiveCfg = MinSizeRel|Win32
		{A0307478-C5E3-335E-A3BE-AB170F4FE524}.MinSizeRel|x86.ActiveCfg = MinSizeRel|Win32
		{A0307478-C5E3-335E-A3BE-AB170F4FE524}.MinSizeRel|x86.Build.0 = MinSizeRel|Win32
		{A0307478-C5E3-335E-A3BE-AB170F4FE524}.Release|Win32.ActiveCfg = Release|Win32
		{A0307478-C5E3-335E-A3BE-AB170F4FE524}.Release|Win32.Build.0 = Release|Win32
		{A0307478-C5E3-335E-A3BE-AB170F4FE524}.Release|x64.ActiveCfg = Release|Win32
		{A0307478-C5E3-335E-A3BE-AB170F4FE524}.Release|x86.ActiveCfg = Release|Win32
		{A0307478-C5E3-335E-A3BE-AB170F4FE524}.Release|x86.Build.0 = Release|Win32
		{A0307478-C5E3-335E-A3BE-AB170F4FE524}.RelWithDebInfo|Win32.ActiveCfg = RelWithDebInfo|Win32
		{A0307478-C5E3-335E-A3BE-AB170F4FE524}.RelWithDebInfo|Win32.Build.0 = RelWithDebInfo|Win32
		{A0307478-C5E3-335E-A3BE-AB170F4FE524}.RelWithDebInfo|x64.ActiveCfg = RelWithDebInfo|Win32
		{A0307478-C5E3-335E-A3BE-AB170F4FE524}.RelWithDebInfo|x86.ActiveCfg = RelWithDebInfo|Win32
		{A0307478-C5E3-335E-A3BE-AB170F4FE524}.RelWithDebInfo|x86.Build.0 = RelWithDebInfo|Win32
		{2A40AE23-8B5D-3EA1-A237-7C022E072496}.Debug|Win32.ActiveCfg = Debug|Win32
		{2A40AE23-8B5D-3EA1-A237-7C022E072496}.Debug|Win32.Build.0 = Debug|Win32
		{2A40AE23-8B5D-3EA1-A237-7C022E072496}.Debug|x64.ActiveCfg = Debug|Win32
		{2A40AE23-8B5D-3EA1-A237-7C022E072496}.Debug|x86.ActiveCfg = Debug|Win32
		{2A40AE23-8B5D-3EA1-A237-7C022E072496}.Debug|x86.Build.0 = Debug|Win32
		{2A40AE23-8B5D-3EA1-A237-7C022E072496}.MinSizeRel|Win32.ActiveCfg = MinSizeRel|Win32
		{2A40AE23-8B5D-3EA1-A237-7C022E072496}.MinSizeRel|Win32.Build.0 = MinSizeRel|Win32
		{2A40AE23-8B5D-3EA1-A237-7C022E072496}.MinSizeRel|x64.ActiveCfg = MinSizeRel|Win32
		{2A40AE23-8B5D-3EA1-A237-7C022E072496}.MinSizeRel|x86.ActiveCfg = MinSizeRel|Win32
		{2A40AE23-8B5D-3EA1-A237-7C022E072496}.MinSizeRel|x86.Build.0 = MinSizeRel|Win32
		{2A40AE23-8B5D-3EA1-A237-7C022E072496}.Release|Win32.ActiveCfg = Release|Win32
		{2A40AE23-8B5D-3EA1-A237-7C022E072496}.Release|Win32.Build.0 = Release|Win32
		{2A40AE23-8B5D-3EA1-A237-7C022E072496}.Release|x64.ActiveCfg = Release|Win32
		{2A40AE23-8B5D-3EA1-A237-7C022E072496}.Release|x86.ActiveCfg = Release|Win32
		{2A40AE23-8B5D-3EA1-A237-7C022E072496}.Release|x86.Build.0 = Release|Win32
		{2A40AE23-8B5D-3EA1-A237-7C022E072496}.RelWithDebInfo|Win32.ActiveCfg = RelWithDebInfo|Win32
		{2A40AE23-8B5D-3EA1-A237-7C022E072496}.RelWithDebInfo|Win32.Build.0 = RelWithDebInfo|Win32
		{2A40AE23-8B5D-3EA1-A237-7C022E072496}.RelWithDebInfo|x64.ActiveCfg = RelWithDebInfo|Win32
		{2A40AE23-8B5D-3EA1-A237-7C022E072496}.RelWithDebInfo|x86.ActiveCfg = RelWithDebInfo|Win32
		{2A40AE23-8B5D-3EA1-A237-7C022E072496}.RelWithDebInfo|x86.Build.0 = RelWithDebInfo|Win32
		{FD4AD868-8766-3796-A183-8968A4148078}.Debug|Win32.ActiveCfg = Debug|Win32
		{FD4AD868-8766-3796-A183-8968A4148078}.Debug|Win32.Build.0 = Debug|Win32
		{FD4AD868-8766-3796-A183-8968A4148078}.Debug|x64.ActiveCfg = Debug|Win32
		{FD4AD868-8766-3796-A183-8968A4148078}.Debug|x86.ActiveCfg = Debug|Win32
		{FD4AD868-8766-3796-A183-8968A4148078}.Debug|x86.Build.0 = Debug|Win32
		{FD4AD868-8766-3796-A183-8968A4148078}.MinSizeRel|Win32.ActiveCfg = MinSizeRel|Win32
		{FD4AD868-8766-3796-A183-8968A4148078}.MinSizeRel|Win32.Build.0 = MinSizeRel|Win32
		{FD4AD868-8766-3796-A183-8968A4148078}.MinSizeRel|x64.ActiveCfg = MinSizeRel|Win32
		{FD4AD868-8766-3796-A183-8968A4148078}.MinSizeRel|x86.ActiveCfg = MinSizeRel|Win32
		{FD4AD868-8766-3796-A183-8968A4148078}.MinSizeRel|x86.Build.0 = MinSizeRel|Win32
		{FD4AD868-8766-3796-A183-8968A4148078}.Release|Win32.ActiveCfg = Release|Win32
		{FD4AD868-8766-3796-A183-8968A4148078}.Release|Win32.Build.0 = Release|Win32
		{FD4AD868-8766-3796-A183-8968A4148078}.Release|x64.ActiveCfg = Release|Win32
		{FD4AD868-8766-3796-A183-8968A4148078}.Release|x86.ActiveCfg = Release|Win32
		{FD4AD868-8766-3796-A183-8968A4148078}.Release|x86.Build.0 = Release|Win32
		{FD4AD868-8766-3796-A183-8968A4148078}.RelWithDebInfo|Win32.ActiveCfg = RelWithDebInfo|Win32
		{FD4AD868-8766-3796-A183-8968A4148078}.RelWithDebInfo|Win32.Build.0 = RelWithDebInfo|Win32
		{FD4AD868-8766-3796-A183-8968A4148078}.RelWithDebInfo|x64.ActiveCfg = RelWithDebInfo|Win32
		{FD4AD868-8766-3796-A183-8968A4148078}.RelWithDebInfo|x86.ActiveCfg = RelWithDebInfo|Win32
		{FD4AD868-8766-3796-A183-8968A4148078}.RelWithDebInfo|x86.Build.0 = RelWithDebInfo|Win32
		{8DE2FF0A-BB22-393D-9918-C78862FFCC5E}.Debug|Win32.ActiveCfg = Debug|Win32
		{8DE2FF0A-BB22-393D-9918-C78862FFCC5E}.Debug|Win32.Build.0 = Debug|Win32
		{8DE2FF0A-BB22-393D-9918-C78862FFCC5E}.Debug|x64.ActiveCfg = Debug|Win32
		{8DE2FF0A-BB22-393D-9918-C78862FFCC5E}.Debug|x86.ActiveCfg = Debug|Win32
		{8DE2FF0A-BB22-393D-9918-C78862FFCC5E}.Debug|x86.Build.0 = Debug|Win32
		{8DE2FF0A-BB22-393D-9918-C78862FFCC5E}.MinSizeRel|Win32.ActiveCfg = MinSizeRel|Win32
		{8DE2FF0A-BB22-393D-9918-C78862FFCC5E}.MinSizeRel|Win32.Build.0 = MinSizeRel|Win32
		{8DE2FF0A-BB22-393D-9918-C78862FFCC5E}.MinSizeRel|x64.ActiveCfg = MinSizeRel|Win32
		{8DE2FF0A-BB22-393D-9918-C78862FFCC5E}.MinSizeRel|x86.ActiveCfg = MinSizeRel|Win32
		{8DE2FF0A-BB22-393D-9918-C78862FFCC5E}.MinSizeRel|x86.Build.0 = MinSizeRel|Win32
		{8DE2FF0A-BB22-393D-9918-C78862FFCC5E}.Release|Win32.ActiveCfg = Release|Win32
		{8DE2FF0A-BB22-393D-9918-C78862FFCC5E}.Release|Win32.Build.0 = Release|Win32
		{8DE2FF0A-BB22-393D-9918-C78862FFCC5E}.Release|x64.ActiveCfg = Release|Win32
		{8DE2FF0A-BB22-393D-9918-C78862FFCC5E}.Release|x86.ActiveCfg = Release|Win32
		{8DE2FF0A-BB22-393D-9918-C78862FFCC5E}.Release|x86.Build.0 = Release|Win32
		{8DE2FF0A-BB22-393D-9918-C78862FFCC5E}.RelWithDebInfo|Win32.ActiveCfg = RelWithDebInfo|Win32
		{8DE2FF0A-BB22-393D-9918-C78862FFCC5E}.RelWithDebInfo|Win32.Build.0 = RelWithDebInfo|Win32
		{8DE2FF0A-BB22-393D-9918-C78862FFCC5E}.RelWithDebInfo|x64.ActiveCfg = RelWithDebInfo|Win32
		{8DE2FF0A-BB22-393D-9918-C78862FFCC5E}.RelWithDebInfo|x86.ActiveCfg = RelWithDebInfo|Win32
		{8DE2FF0A-BB22-393D-9918-C78862FFCC5E}.RelWithDebInfo|x86.Build.0 = RelWithDebInfo|Win32
		{3AEE62C4-DBE5-3462-92B5-121251CD0C02}.Debug|Win32.ActiveCfg = Debug|Win32
		{3AEE62C4-DBE5-3462-92B5-121251CD0C02}.Debug|Win32.Build.0 = Debug|Win32
		{3AEE62C4-DBE5-3462-92B5-121251CD0C02}.Debug|x64.ActiveCfg = Debug|Win32
		{3AEE62C4-DBE5-3462-92B5-121251CD0C02}.Debug|x86.ActiveCfg = Debug|Win32
		{3AEE62C4-DBE5-3462-92B5-121251CD0C02}.Debug|x86.Build.0 = Debug|Win32
		{3AEE62C4-DBE5-3462-92B5-121251CD0C02}.MinSizeRel|Win32.ActiveCfg = MinSizeRel|Win32
		{3AEE62C4-DBE5-3462-92B5-121251CD0C02}.MinSizeRel|Win32.Build.0 = MinSizeRel|Win32
		{3AEE62C4-DBE5-3462-92B5-121251CD0C02}.MinSizeRel|x64.ActiveCfg = MinSizeRel|Win32
		{3AEE62C4-DBE5-3462-92B5-121251CD0C02}.MinSizeRel|x86.ActiveCfg = MinSizeRel|Win32
		{3AEE62C4-DBE5-3462-92B5-121251CD0C02}.MinSizeRel|x86.Build.0 = MinSizeRel|Win32
		{3AEE62C4-DBE5-3462-92B5-121251CD0C02}.Release|Win32.ActiveCfg = Release|Win32
		{3AEE62C4-DBE5-3462-92B5-121251CD0C02}.Release|Win32.Build.0 = Release|Win32
		{3AEE62C4-DBE5-3462-92B5-121251CD0C02}.Release|x64.ActiveCfg = Release|Win32
		{3AEE62C4-DBE5-3462-92B5-121251CD0C02}.Release|x86.ActiveCfg = Release|Win32
		{3AEE62C4-DBE5-3462-92B5-121251CD0C02}.Release|x86.Build.0 = Release|Win32
		{3AEE62C4-DBE5-3462-92B5-121251CD0C02}.RelWithDebInfo|Win32.ActiveCfg = RelWithDebInfo|Win32
		{3AEE62C4-DBE5-3462-92B5-121251CD0C02}.RelWithDebInfo|Win32.Build.0 = RelWithDebInfo|Win32
		{3AEE62C4-DBE5-3462-92B5-121251CD0C02}.RelWithDebInfo|x64.ActiveCfg = RelWithDebInfo|Win32
		{3AEE62C4-DBE5-3462-92B5-121251CD0C02}.RelWithDebInfo|x86.ActiveCfg = RelWithDebInfo|Win32
		{3AEE62C4-DBE5-3462-92B5-121251CD0C02}.RelWithDebInfo|x86.Build.0 = RelWithDebInfo|Win32
		{9A9E9920-5FBE-3818-A0AB-452EA89B1095}.Debug|Win32.ActiveCfg = Debug|Win32
		{9A9E9920-5FBE-3818-A0AB-452EA89B1095}.Debug|Win32.Build.0 = Debug|Win32
		{9A9E9920-5FBE-3818-A0AB-452EA89B1095}.Debug|x64.ActiveCfg = Debug|Win32
		{9A9E9920-5FBE-3818-A0AB-452EA89B1095}.Debug|x86.ActiveCfg = Debug|Win32
		{9A9E9920-5FBE-3818-A0AB-452EA89B1095}.Debug|x86.Build.0 = Debug|Win32
		{9A9E9920-5FBE-3818-A0AB-452EA89B1095}.MinSizeRel|Win32.ActiveCfg = MinSizeRel|Win32
		{9A9E9920-5FBE-3818-A0AB-452EA89B1095}.MinSizeRel|Win32.Build.0 = MinSizeRel|Win32
		{9A9E9920-5FBE-3818-A0AB-452EA89B1095}.MinSizeRel|x64.ActiveCfg = MinSizeRel|Win32
		{9A9E9920-5FBE-3818-A0AB-452EA89B1095}.MinSizeRel|x86.ActiveCfg = MinSizeRel|Win32
		{9A9E9920-5FBE-3818-A0AB-452EA89B1095}.MinSizeRel|x86.Build.0 = MinSizeRel|Win32
		{9A9E9920-5FBE-3818-A0AB-452EA89B1095}.Release|Win32.ActiveCfg = Release|Win32
		{9A9E9920-5FBE-3818-A0AB-452EA89B1095}.Release|Win32.Build.0 = Release|Win32
		{9A9E9920-5FBE-3818-A0AB-452EA89B1095}.Release|x64.ActiveCfg = Release|Win32
		{9A9E9920-5FBE-3818-A0AB-452EA89B1095}.Release|x86.ActiveCfg = Release|Win32
		{9A9E9920-5FBE-3818-A0AB-452EA89B1095}.Release|x86.Build.0 = Release|Win32
		{9A9E9920-5FBE-3818-A0AB-452EA89B1095}.RelWithDebInfo|Win32.ActiveCfg = RelWithDebInfo|Win32
		{9A9E9920-5FBE-3818-A0AB-452EA89B1095}.RelWithDebInfo|Win32.Build.0 = RelWithDebInfo|Win32
		{9A9E9920-5FBE-3818-A0AB-452EA89B1095}.RelWithDebInfo|x64.ActiveCfg = RelWithDebInfo|Win32
		{9A9E9920-5FBE-3818-A0AB-452EA89B1095}.RelWithDebInfo|x86.ActiveCfg = RelWithDebInfo|Win32
		{9A9E9920-5FBE-3818-A0AB-452EA89B1095}.RelWithDebInfo|x86.Build.0 = RelWithDebInfo|Win32
		{6F531A22-CF49-326B-BFD1-9C38000B7795}.Debug|Win32.ActiveCfg = Debug|Win32
		{6F531A22-CF49-326B-BFD1-9C38000B7795}.Debug|Win32.Build.0 = Debug|Win32
		{6F531A22-CF49-326B-BFD1-9C38000B7795}.Debug|x64.ActiveCfg = Debug|Win32
		{6F531A22-CF49-326B-BFD1-9C38000B7795}.Debug|x86.ActiveCfg = Debug|Win32
		{6F531A22-CF49-326B-BFD1-9C38000B7795}.Debug|x86.Build.0 = Debug|Win32
		{6F531A22-CF49-326B-BFD1-9C38000B7795}.MinSizeRel|Win32.ActiveCfg = MinSizeRel|Win32
		{6F531A22-CF49-326B-BFD1-9C38000B7795}.MinSizeRel|Win32.Build.0 = MinSizeRel|Win32
		{6F531A22-CF49-326B-BFD1-9C38000B7795}.MinSizeRel|x64.ActiveCfg = MinSizeRel|Win32
		{6F531A22-CF49-326B-BFD1-9C38000B7795}.MinSizeRel|x86.ActiveCfg = MinSizeRel|Win32
		{6F531A22-CF49-326B-BFD1-9C38000B7795}.MinSizeRel|x86.Build.0 = MinSizeRel|Win32
		{6F531A22-CF49-326B-BFD1-9C38000B7795}.Release|Win32.ActiveCfg = Release|Win32
		{6F531A22-CF49-326B-BFD1-9C38000B7795}.Release|Win32.Build.0 = Release|Win32
		{6F531A22-CF49-326B-BFD1-9C38000B7795}.Release|x64.ActiveCfg = Release|Win32
		{6F531A22-CF49-326B-BFD1-9C38000B7795}.Release|x86.ActiveCfg = Release|Win32
		{6F531A22-CF49-326B-BFD1-9C38000B7795}.Release|x86.Build.0 = Release|Win32
		{6F531A22-CF49-326B-BFD1-9C38000B7795}.RelWithDebInfo|Win32.ActiveCfg = RelWithDebInfo|Win32
		{6F531A22-CF49-326B-BFD1-9C38000B7795}.RelWithDebInfo|Win32.Build.0 = RelWithDebInfo|Win32
		{6F531A22-CF49-326B-BFD1-9C38000B7795}.RelWithDebInfo|x64.ActiveCfg = RelWithDebInfo|Win32
		{6F531A22-CF49-326B-BFD1-9C38000B7795}.RelWithDebInfo|x86.ActiveCfg = RelWithDebInfo|Win32
		{6F531A22-CF49-326B-BFD1-9C38000B7795}.RelWithDebInfo|x86.Build.0 = RelWithDebInfo|Win32
		{92AB3734-FA9C-3ACC-A4AD-8CA9CF86257F}.Debug|Win32.ActiveCfg = Debug|Win32
		{92AB3734-FA9C-3ACC-A4AD-8CA9CF86257F}.Debug|Win32.Build.0 = Debug|Win32
		{92AB3734-FA9C-3ACC-A4AD-8CA9CF86257F}.Debug|x64.ActiveCfg = Debug|Win32
		{92AB3734-FA9C-3ACC-A4AD-8CA9CF86257F}.Debug|x86.ActiveCfg = Debug|Win32
		{92AB3734-FA9C-3ACC-A4AD-8CA9CF86257F}.Debug|x86.Build.0 = Debug|Win32
		{92AB3734-FA9C-3ACC-A4AD-8CA9CF86257F}.MinSizeRel|Win32.ActiveCfg = MinSizeRel|Win32
		{92AB3734-FA9C-3ACC-A4AD-8CA9CF86257F}.MinSizeRel|Win32.Build.0 = MinSizeRel|Win32
		{92AB3734-FA9C-3ACC-A4AD-8CA9CF86257F}.MinSizeRel|x64.ActiveCfg = MinSizeRel|Win32
		{92AB3734-FA9C-3ACC-A4AD-8CA9CF86257F}.MinSizeRel|x86.ActiveCfg = MinSizeRel|Win32
		{92AB3734-FA9C-3ACC-A4AD-8CA9CF86257F}.MinSizeRel|x86.Build.0 = MinSizeRel|Win32
		{92AB3734-FA9C-3ACC-A4AD-8CA9CF86257F}.Release|Win32.ActiveCfg = Release|Win32
		{92AB3734-FA9C-3ACC-A4AD-8CA9CF86257F}.Release|Win32.Build.0 = Release|Win32
		{92AB3734-FA9C-3ACC-A4AD-8CA9CF86257F}.Release|x64.ActiveCfg = Release|Win32
		{92AB3734-FA9C-3ACC-A4AD-8CA9CF86257F}.Release|x86.ActiveCfg = Release|Win32
		{92AB3734-FA9C-3ACC-A4AD-8CA9CF86257F}.Release|x86.Build.0 = Release|Win32
		{92AB3734-FA9C-3ACC-A4AD-8CA9CF86257F}.RelWithDebInfo|Win32.ActiveCfg = RelWithDebInfo|Win32
		{92AB3734-FA9C-3ACC-A4AD-8CA9CF86257F}.RelWithDebInfo|Win32.Build.0 = RelWithDebInfo|Win32
		{92AB3734-FA9C-3ACC-A4AD-8CA9CF86257F}.RelWithDebInfo|x64.ActiveCfg = RelWithDebInfo|Win32
		{92AB3734-FA9C-3ACC-A4AD-8CA9CF86257F}.RelWithDebInfo|x86.ActiveCfg = RelWithDebInfo|Win32
		{92AB3734-FA9C-3ACC-A4AD-8CA9CF86257F}.RelWithDebInfo|x86.Build.0 = RelWithDebInfo|Win32
		{8A4C0D7E-9D10-3AA9-8ABD-0DD122441E7C}.Debug|Win32.ActiveCfg = Debug|Win32
		{8A4C0D7E-9D10-3AA9-8ABD-0DD122441E7C}.Debug|x64.ActiveCfg = Debug|Win32
		{8A4C0D7E-9D10-3AA9-8ABD-0DD122441E7C}.Debug|x86.ActiveCfg = Debug|Win32
		{8A4C0D7E-9D10-3AA9-8ABD-0DD122441E7C}.Debug|x86.Build.0 = Debug|Win32
		{8A4C0D7E-9D10-3AA9-8ABD-0DD122441E7C}.MinSizeRel|Win32.ActiveCfg = MinSizeRel|Win32
		{8A4C0D7E-9D10-3AA9-8ABD-0DD122441E7C}.MinSizeRel|x64.ActiveCfg = MinSizeRel|Win32
		{8A4C0D7E-9D10-3AA9-8ABD-0DD122441E7C}.MinSizeRel|x86.ActiveCfg = MinSizeRel|Win32
		{8A4C0D7E-9D10-3AA9-8ABD-0DD122441E7C}.MinSizeRel|x86.Build.0 = MinSizeRel|Win32
		{8A4C0D7E-9D10-3AA9-8ABD-0DD122441E7C}.Release|Win32.ActiveCfg = Release|Win32
		{8A4C0D7E-9D10-3AA9-8ABD-0DD122441E7C}.Release|x64.ActiveCfg = Release|Win32
		{8A4C0D7E-9D10-3AA9-8ABD-0DD122441E7C}.Release|x86.ActiveCfg = Release|Win32
		{8A4C0D7E-9D10-3AA9-8ABD-0DD122441E7C}.Release|x86.Build.0 = Release|Win32
		{8A4C0D7E-9D10-3AA9-8ABD-0DD122441E7C}.RelWithDebInfo|Win32.ActiveCfg = RelWithDebInfo|Win32
		{8A4C0D7E-9D10-3AA9-8ABD-0DD122441E7C}.RelWithDebInfo|x64.ActiveCfg = RelWithDebInfo|Win32
		{8A4C0D7E-9D10-3AA9-8ABD-0DD122441E7C}.RelWithDebInfo|x86.ActiveCfg = RelWithDebInfo|Win32
		{8A4C0D7E-9D10-3AA9-8ABD-0DD122441E7C}.RelWithDebInfo|x86.Build.0 = RelWithDebInfo|Win32
		{4541AD96-E8E3-367E-86E7-F611C4C6D12F}.Debug|Win32.ActiveCfg = Debug|Win32
		{4541AD96-E8E3-367E-86E7-F611C4C6D12F}.Debug|Win32.Build.0 = Debug|Win32
		{4541AD96-E8E3-367E-86E7-F611C4C6D12F}.Debug|x64.ActiveCfg = Debug|Win32
		{4541AD96-E8E3-367E-86E7-F611C4C6D12F}.Debug|x86.ActiveCfg = Debug|Win32
		{4541AD96-E8E3-367E-86E7-F611C4C6D12F}.Debug|x86.Build.0 = Debug|Win32
		{4541AD96-E8E3-367E-86E7-F611C4C6D12F}.MinSizeRel|Win32.ActiveCfg = MinSizeRel|Win32
		{4541AD96-E8E3-367E-86E7-F611C4C6D12F}.MinSizeRel|Win32.Build.0 = MinSizeRel|Win32
		{4541AD96-E8E3-367E-86E7-F611C4C6D12F}.MinSizeRel|x64.ActiveCfg = MinSizeRel|Win32
		{4541AD96-E8E3-367E-86E7-F611C4C6D12F}.MinSizeRel|x86.ActiveCfg = MinSizeRel|Win32
		{4541AD96-E8E3-367E-86E7-F611C4C6D12F}.MinSizeRel|x86.Build.0 = MinSizeRel|Win32
		{4541AD96-E8E3-367E-86E7-F611C4C6D12F}.Release|Win32.ActiveCfg = Release|Win32
		{4541AD96-E8E3-367E-86E7-F611C4C6D12F}.Release|Win32.Build.0 = Release|Win32
		{4541AD96-E8E3-367E-86E7-F611C4C6D12F}.Release|x64.ActiveCfg = Release|Win32
		{4541AD96-E8E3-367E-86E7-F611C4C6D12F}.Release|x86.ActiveCfg = Release|Win32
		{4541AD96-E8E3-367E-86E7-F611C4C6D12F}.Release|x86.Build.0 = Release|Win32
		{4541AD96-E8E3-367E-86E7-F611C4C6D12F}.RelWithDebInfo|Win32.ActiveCfg = RelWithDebInfo|Win32
		{4541AD96-E8E3-367E-86E7-F611C4C6D12F}.RelWithDebInfo|Win32.Build.0 = RelWithDebInfo|Win32
		{4541AD96-E8E3-367E-86E7-F611C4C6D12F}.RelWithDebInfo|x64.ActiveCfg = RelWithDebInfo|Win32
		{4541AD96-E8E3-367E-86E7-F611C4C6D12F}.RelWithDebInfo|x86.ActiveCfg = RelWithDebInfo|Win32
		{4541AD96-E8E3-367E-86E7-F611C4C6D12F}.RelWithDebInfo|x86.Build.0 = RelWithDebInfo|Win32
		{83C9C2D1-6DC1-3AF4-8996-DE6350AC48F8}.Debug|Win32.ActiveCfg = Debug|Win32
		{83C9C2D1-6DC1-3AF4-8996-DE6350AC48F8}.Debug|Win32.Build.0 = Debug|Win32
		{83C9C2D1-6DC1-3AF4-8996-DE6350AC48F8}.Debug|x64.ActiveCfg = Debug|Win32
		{83C9C2D1-6DC1-3AF4-8996-DE6350AC48F8}.Debug|x86.ActiveCfg = Debug|Win32
		{83C9C2D1-6DC1-3AF4-8996-DE6350AC48F8}.Debug|x86.Build.0 = Debug|Win32
		{83C9C2D1-6DC1-3AF4-8996-DE6350AC48F8}.MinSizeRel|Win32.ActiveCfg = MinSizeRel|Win32
		{83C9C2D1-6DC1-3AF4-8996-DE6350AC48F8}.MinSizeRel|Win32.Build.0 = MinSizeRel|Win32
		{83C9C2D1-6DC1-3AF4-8996-DE6350AC48F8}.MinSizeRel|x64.ActiveCfg = MinSizeRel|Win32
		{83C9C2D1-6DC1-3AF4-8996-DE6350AC48F8}.MinSizeRel|x86.ActiveCfg = MinSizeRel|Win32
		{83C9C2D1-6DC1-3AF4-8996-DE6350AC48F8}.MinSizeRel|x86.Build.0 = MinSizeRel|Win32
		{83C9C2D1-6DC1-3AF4-8996-DE6350AC48F8}.Release|Win32.ActiveCfg = Release|Win32
		{83C9C2D1-6DC1-3AF4-8996-DE6350AC48F8}.Release|Win32.Build.0 = Release|Win32
		{83C9C2D1-6DC1-3AF4-8996-DE6350AC48F8}.Release|x64.ActiveCfg = Release|Win32
		{83C9C2D1-6DC1-3AF4-8996-DE6350AC48F8}.Release|x86.ActiveCfg = Release|Win32
		{83C9C2D1-6DC1-3AF4-8996-DE6350AC48F8}.Release|x86.Build.0 = Release|Win32
		{83C9C2D1-6DC1-3AF4-8996-DE6350AC48F8}.RelWithDebInfo|Win32.ActiveCfg = RelWithDebInfo|Win32
		{83C9C2D1-6DC1-3AF4-8996-DE6350AC48F8}.RelWithDebInfo|Win32.Build.0 = RelWithDebInfo|Win32
		{83C9C2D1-6DC1-3AF4-8996-DE6350AC48F8}.RelWithDebInfo|x64.ActiveCfg = RelWithDebInfo|Win32
		{83C9C2D1-6DC1-3AF4-8996-DE6350AC48F8}.RelWithDebInfo|x86.ActiveCfg = RelWithDebInfo|Win32
		{83C9C2D1-6DC1-3AF4-8996-DE6350AC48F8}.RelWithDebInfo|x86.Build.0 = RelWithDebInfo|Win32
		{830B047C-C6EE-3CFF-862D-729478A08C71}.Debug|Win32.ActiveCfg = Debug|Win32
		{830B047C-C6EE-3CFF-862D-729478A08C71}.Debug|Win32.Build.0 = Debug|Win32
		{830B047C-C6EE-3CFF-862D-729478A08C71}.Debug|x64.ActiveCfg = Debug|Win32
		{830B047C-C6EE-3CFF-862D-729478A08C71}.Debug|x86.ActiveCfg = Debug|Win32
		{830B047C-C6EE-3CFF-862D-729478A08C71}.Debug|x86.Build.0 = Debug|Win32
		{830B047C-C6EE-3CFF-862D-729478A08C71}.MinSizeRel|Win32.ActiveCfg = MinSizeRel|Win32
		{830B047C-C6EE-3CFF-862D-729478A08C71}.MinSizeRel|Win32.Build.0 = MinSizeRel|Win32
		{830B047C-C6EE-3CFF-862D-729478A08C71}.MinSizeRel|x64.ActiveCfg = MinSizeRel|Win32
		{830B047C-C6EE-3CFF-862D-729478A08C71}.MinSizeRel|x86.ActiveCfg = MinSizeRel|Win32
		{830B047C-C6EE-3CFF-862D-729478A08C71}.MinSizeRel|x86.Build.0 = MinSizeRel|Win32
		{830B047C-C6EE-3CFF-862D-729478A08C71}.Release|Win32.ActiveCfg = Release|Win32
		{830B047C-C6EE-3CFF-862D-729478A08C71}.Release|Win32.Build.0 = Release|Win32
		{830B047C-C6EE-3CFF-862D-729478A08C71}.Release|x64.ActiveCfg = Release|Win32
		{830B047C-C6EE-3CFF-862D-729478A08C71}.Release|x86.ActiveCfg = Release|Win32
		{830B047C-C6EE-3CFF-862D-729478A08C71}.Release|x86.Build.0 = Release|Win32
		{830B047C-C6EE-3CFF-862D-729478A08C71}.RelWithDebInfo|Win32.ActiveCfg = RelWithDebInfo|Win32
		{830B047C-C6EE-3CFF-862D-729478A08C71}.RelWithDebInfo|Win32.Build.0 = RelWithDebInfo|Win32
		{830B047C-C6EE-3CFF-862D-729478A08C71}.RelWithDebInfo|x64.ActiveCfg = RelWithDebInfo|Win32
		{830B047C-C6EE-3CFF-862D-729478A08C71}.RelWithDebInfo|x86.ActiveCfg = RelWithDebInfo|Win32
		{830B047C-C6EE-3CFF-862D-729478A08C71}.RelWithDebInfo|x86.Build.0 = RelWithDebInfo|Win32
	EndGlobalSection
	GlobalSection(SolutionProperties) = preSolution
		HideSolutionNode = FALSE
	EndGlobalSection
	GlobalSection(NestedProjects) = preSolution
		{85B06361-5E10-3325-8FFC-B0AAD2753B73} = {FAFB2411-EBB9-356F-90EC-E03797CF6613}
		{C29F70D2-EA5A-34AB-9104-CDF493EE032C} = {FAFB2411-EBB9-356F-90EC-E03797CF6613}
		{E27BC908-1FA4-3703-8A9B-DF58458F32AC} = {B79F6CD6-DCE6-35BD-9B82-1C665A599C8A}
		{5F8ED731-FE8B-3CAE-A030-9E3514DF48D1} = {B79F6CD6-DCE6-35BD-9B82-1C665A599C8A}
		{203419F6-4E12-3E5E-803D-7CE55D77FDC3} = {B79F6CD6-DCE6-35BD-9B82-1C665A599C8A}
		{AA7D812A-6C35-3220-9FEF-26ADAD3E6E76} = {85B06361-5E10-3325-8FFC-B0AAD2753B73}
		{94B9C94B-335A-360E-8529-A0EC03A789C8} = {C29F70D2-EA5A-34AB-9104-CDF493EE032C}
		{A07BF034-0396-3623-A476-400B1EC415CC} = {C29F70D2-EA5A-34AB-9104-CDF493EE032C}
		{34A58438-E0B4-3718-A2BC-7F1FA519B26C} = {C29F70D2-EA5A-34AB-9104-CDF493EE032C}
		{98560604-A657-3C5F-A8FE-E95E7B093C1B} = {C29F70D2-EA5A-34AB-9104-CDF493EE032C}
		{2F278186-724A-3B97-B67F-D3CF9E80ACF0} = {C29F70D2-EA5A-34AB-9104-CDF493EE032C}
		{2B1CE2F2-FF14-3B82-A029-CFB4EEBB0909} = {85B06361-5E10-3325-8FFC-B0AAD2753B73}
		{600A413B-964F-3DED-BA0D-AD6728CEDC90} = {FAFB2411-EBB9-356F-90EC-E03797CF6613}
		{2CCEFBE2-BF73-3AB8-862A-C4A96ADEF985} = {C29F70D2-EA5A-34AB-9104-CDF493EE032C}
		{79BF3988-E404-36BF-B761-F47ED0559EB0} = {85B06361-5E10-3325-8FFC-B0AAD2753B73}
		{FD44FE38-FBE7-30D6-88EE-052EC9D0DC3E} = {C29F70D2-EA5A-34AB-9104-CDF493EE032C}
		{81BDAD26-23C6-337D-8E81-4786A91AAEEC} = {C29F70D2-EA5A-34AB-9104-CDF493EE032C}
		{6831BA02-48DF-3F4F-991F-124F294B1C66} = {C29F70D2-EA5A-34AB-9104-CDF493EE032C}
		{499CDCBF-BF52-3FBB-AC0D-84F8F33AFEE5} = {C29F70D2-EA5A-34AB-9104-CDF493EE032C}
		{18889F0E-6762-3AD4-B444-E36639A1D742} = {85B06361-5E10-3325-8FFC-B0AAD2753B73}
		{A0307478-C5E3-335E-A3BE-AB170F4FE524} = {C29F70D2-EA5A-34AB-9104-CDF493EE032C}
		{2A40AE23-8B5D-3EA1-A237-7C022E072496} = {C29F70D2-EA5A-34AB-9104-CDF493EE032C}
		{FD4AD868-8766-3796-A183-8968A4148078} = {85B06361-5E10-3325-8FFC-B0AAD2753B73}
		{8DE2FF0A-BB22-393D-9918-C78862FFCC5E} = {85B06361-5E10-3325-8FFC-B0AAD2753B73}
		{3AEE62C4-DBE5-3462-92B5-121251CD0C02} = {C29F70D2-EA5A-34AB-9104-CDF493EE032C}
		{9A9E9920-5FBE-3818-A0AB-452EA89B1095} = {C29F70D2-EA5A-34AB-9104-CDF493EE032C}
		{6F531A22-CF49-326B-BFD1-9C38000B7795} = {C29F70D2-EA5A-34AB-9104-CDF493EE032C}
		{4541AD96-E8E3-367E-86E7-F611C4C6D12F} = {85B06361-5E10-3325-8FFC-B0AAD2753B73}
		{83C9C2D1-6DC1-3AF4-8996-DE6350AC48F8} = {C29F70D2-EA5A-34AB-9104-CDF493EE032C}
	EndGlobalSection
	GlobalSection(ExtensibilityGlobals) = postSolution
		SolutionGuid = {5E810030-4535-444B-BF36-C219C007B1C1}
	EndGlobalSection
EndGlobal
