<?xml version="1.0" encoding="utf-8"?>
<Project ToolsVersion="15.0" xmlns="http://schemas.microsoft.com/developer/msbuild/2003">
  <ItemGroup>
    <ClCompile Include="C:\Users\Nico\Desktop\All stuff\Master 2\Multimedia graphics\ogl-master\ogl-master\common\shader.cpp">
      <Filter>common</Filter>
    </ClCompile>
    <ClCompile Include="C:\Users\Nico\Desktop\All stuff\Master 2\Multimedia graphics\ogl-master\ogl-master\common\texture.cpp">
      <Filter>common</Filter>
    </ClCompile>
    <ClCompile Include="shader.cpp">
      <Filter>Source Files</Filter>
    </ClCompile>
    <ClCompile Include="texture.cpp">
      <Filter>Source Files</Filter>
    </ClCompile>
    <ClCompile Include="controls.cpp">
      <Filter>Source Files</Filter>
    </ClCompile>
    <ClCompile Include="objloader.cpp">
      <Filter>Source Files</Filter>
    </ClCompile>
    <ClCompile Include="Object.cpp">
      <Filter>Source Files</Filter>
    </ClCompile>
    <ClCompile Include="main.cpp">
      <Filter>Source Files</Filter>
    </ClCompile>
    <ClCompile Include="Move.cpp">
      <Filter>Source Files</Filter>
    </ClCompile>
  </ItemGroup>
  <ItemGroup>
    <ClInclude Include="C:\Users\Nico\Desktop\All stuff\Master 2\Multimedia graphics\ogl-master\ogl-master\common\shader.hpp">
      <Filter>common</Filter>
    </ClInclude>
    <ClInclude Include="C:\Users\Nico\Desktop\All stuff\Master 2\Multimedia graphics\ogl-master\ogl-master\common\texture.hpp">
      <Filter>common</Filter>
    </ClInclude>
    <ClInclude Include="texture.hpp">
      <Filter>Source Files</Filter>
    </ClInclude>
    <ClInclude Include="controls.hpp">
      <Filter>Source Files</Filter>
    </ClInclude>
    <ClInclude Include="objloader.hpp">
      <Filter>Source Files</Filter>
    </ClInclude>
    <ClInclude Include="Object.hpp">
      <Filter>Source Files</Filter>
    </ClInclude>
    <ClInclude Include="shader.hpp">
      <Filter>Source Files</Filter>
    </ClInclude>
    <ClInclude Include="resource.h" />
    <ClInclude Include="main.h" />
    <ClInclude Include="Move.hpp">
      <Filter>Source Files</Filter>
    </ClInclude>
  </ItemGroup>
  <ItemGroup>
    <None Include="object1.bin" />
  </ItemGroup>
  <ItemGroup>
    <Filter Include="Source Files">
      <UniqueIdentifier>{568D7C8C-8A7A-36C2-B443-1CA26F1978CB}</UniqueIdentifier>
    </Filter>
    <Filter Include="common">
      <UniqueIdentifier>{D8250CCF-ABE9-3E00-8581-973F400C636C}</UniqueIdentifier>
    </Filter>
  </ItemGroup>
  <ItemGroup>
    <ResourceCompile Include="tutorial05_textured_cube.rc" />
  </ItemGroup>
</Project>